// !$*UTF8*$!
{
	archiveVersion = 1;
	classes = {
	};
	objectVersion = 46;
	objects = {

/* Begin PBXBuildFile section */
		5400250D1838A40A009525AD /* libcocos2dx iOS.a in Frameworks */ = {isa = PBXBuildFile; fileRef = 5400250A1838A40A009525AD /* libcocos2dx iOS.a */; };
		5400250E1838A40A009525AD /* libcocos2dx-extensions iOS.a in Frameworks */ = {isa = PBXBuildFile; fileRef = 5400250B1838A40A009525AD /* libcocos2dx-extensions iOS.a */; };
		5400250F1838A40A009525AD /* libCocosDenshion iOS.a in Frameworks */ = {isa = PBXBuildFile; fileRef = 5400250C1838A40A009525AD /* libCocosDenshion iOS.a */; };
		5407D0C917DC994E0071A620 /* lobby_layer.ccbi in Resources */ = {isa = PBXBuildFile; fileRef = 5407D0C817DC994E0071A620 /* lobby_layer.ccbi */; };
		5407D0CC17DCC5450071A620 /* formation_layer.ccbi in Resources */ = {isa = PBXBuildFile; fileRef = 5407D0CB17DCC5450071A620 /* formation_layer.ccbi */; };
		5407D0CE17DCCCEE0071A620 /* background_grid.ccbi in Resources */ = {isa = PBXBuildFile; fileRef = 5407D0CD17DCCCEE0071A620 /* background_grid.ccbi */; };
		540B1EF31835C4F5001D6B74 /* CCPomelo.cpp in Sources */ = {isa = PBXBuildFile; fileRef = 540B1EF11835C4F5001D6B74 /* CCPomelo.cpp */; };
		540E4CAC180ED184000BA7D4 /* CWarriorDyingComp.cpp in Sources */ = {isa = PBXBuildFile; fileRef = 540E4CAA180ED184000BA7D4 /* CWarriorDyingComp.cpp */; };
		540E5BB71803B73F003C7510 /* CBattleFiledManager.cpp in Sources */ = {isa = PBXBuildFile; fileRef = 540E5BB51803B73E003C7510 /* CBattleFiledManager.cpp */; };
		5411741A17E203FE0082E53C /* unit0.ccbi in Resources */ = {isa = PBXBuildFile; fileRef = 5411740E17E203FE0082E53C /* unit0.ccbi */; };
		5411741B17E203FE0082E53C /* unit1.ccbi in Resources */ = {isa = PBXBuildFile; fileRef = 5411740F17E203FE0082E53C /* unit1.ccbi */; };
		5411741C17E203FE0082E53C /* unit2.ccbi in Resources */ = {isa = PBXBuildFile; fileRef = 5411741017E203FE0082E53C /* unit2.ccbi */; };
		5411741D17E203FE0082E53C /* unit3.ccbi in Resources */ = {isa = PBXBuildFile; fileRef = 5411741117E203FE0082E53C /* unit3.ccbi */; };
		5411741E17E203FE0082E53C /* unit4.ccbi in Resources */ = {isa = PBXBuildFile; fileRef = 5411741217E203FE0082E53C /* unit4.ccbi */; };
		5411741F17E203FE0082E53C /* unit5.ccbi in Resources */ = {isa = PBXBuildFile; fileRef = 5411741317E203FE0082E53C /* unit5.ccbi */; };
		5411742017E203FE0082E53C /* unit6.ccbi in Resources */ = {isa = PBXBuildFile; fileRef = 5411741417E203FE0082E53C /* unit6.ccbi */; };
		5411742117E203FE0082E53C /* unit7.ccbi in Resources */ = {isa = PBXBuildFile; fileRef = 5411741517E203FE0082E53C /* unit7.ccbi */; };
		5411742217E203FE0082E53C /* unit8.ccbi in Resources */ = {isa = PBXBuildFile; fileRef = 5411741617E203FE0082E53C /* unit8.ccbi */; };
		5411742317E203FE0082E53C /* unit9.ccbi in Resources */ = {isa = PBXBuildFile; fileRef = 5411741717E203FE0082E53C /* unit9.ccbi */; };
		5411742417E203FE0082E53C /* unit10.ccbi in Resources */ = {isa = PBXBuildFile; fileRef = 5411741817E203FE0082E53C /* unit10.ccbi */; };
		5411742517E203FE0082E53C /* unit11.ccbi in Resources */ = {isa = PBXBuildFile; fileRef = 5411741917E203FE0082E53C /* unit11.ccbi */; };
		5411742E17E5B5750082E53C /* CMoveOnGridComp.cpp in Sources */ = {isa = PBXBuildFile; fileRef = 5411742C17E5B5750082E53C /* CMoveOnGridComp.cpp */; };
		54156FC0183CDE8D007502A2 /* CLoginLayer.cpp in Sources */ = {isa = PBXBuildFile; fileRef = 54156FBE183CDE8D007502A2 /* CLoginLayer.cpp */; };
		54156FC2183CED1A007502A2 /* Login_layer.ccbi in Resources */ = {isa = PBXBuildFile; fileRef = 54156FC1183CED1A007502A2 /* Login_layer.ccbi */; };
		54467E0E1817F2680028B700 /* effect0.ccbi in Resources */ = {isa = PBXBuildFile; fileRef = 54467E0D1817F2680028B700 /* effect0.ccbi */; };
		54467E121817F4040028B700 /* CGameEffect.cpp in Sources */ = {isa = PBXBuildFile; fileRef = 54467E101817F4040028B700 /* CGameEffect.cpp */; };
		544F90A918064AFC0049139F /* CSkillComp.cpp in Sources */ = {isa = PBXBuildFile; fileRef = 544F90A718064AFC0049139F /* CSkillComp.cpp */; };
		544F90AC18064B200049139F /* CWarriorRoleCompBase.cpp in Sources */ = {isa = PBXBuildFile; fileRef = 544F90AA18064B200049139F /* CWarriorRoleCompBase.cpp */; };
		54607B761760D96400108571 /* QuartzCore.framework in Frameworks */ = {isa = PBXBuildFile; fileRef = 54607B751760D96400108571 /* QuartzCore.framework */; };
		54607B781760D96400108571 /* OpenGLES.framework in Frameworks */ = {isa = PBXBuildFile; fileRef = 54607B771760D96400108571 /* OpenGLES.framework */; };
		54607B7A1760D96400108571 /* OpenAL.framework in Frameworks */ = {isa = PBXBuildFile; fileRef = 54607B791760D96400108571 /* OpenAL.framework */; };
		54607B7C1760D96400108571 /* AudioToolbox.framework in Frameworks */ = {isa = PBXBuildFile; fileRef = 54607B7B1760D96400108571 /* AudioToolbox.framework */; };
		54607B7E1760D96400108571 /* AVFoundation.framework in Frameworks */ = {isa = PBXBuildFile; fileRef = 54607B7D1760D96400108571 /* AVFoundation.framework */; };
		54607B801760D96400108571 /* UIKit.framework in Frameworks */ = {isa = PBXBuildFile; fileRef = 54607B7F1760D96400108571 /* UIKit.framework */; };
		54607B821760D96400108571 /* Foundation.framework in Frameworks */ = {isa = PBXBuildFile; fileRef = 54607B811760D96400108571 /* Foundation.framework */; };
		54607B841760D96400108571 /* CoreGraphics.framework in Frameworks */ = {isa = PBXBuildFile; fileRef = 54607B831760D96400108571 /* CoreGraphics.framework */; };
		54801F1C18059E2A00F3F68E /* CWarriorUnit0.cpp in Sources */ = {isa = PBXBuildFile; fileRef = 54801F1A18059E2A00F3F68E /* CWarriorUnit0.cpp */; };
		54801F211805A46800F3F68E /* CWarriorUnit1.cpp in Sources */ = {isa = PBXBuildFile; fileRef = 54801F1D1805A46800F3F68E /* CWarriorUnit1.cpp */; };
		54801F221805A46800F3F68E /* CWarriorUnit2.cpp in Sources */ = {isa = PBXBuildFile; fileRef = 54801F1F1805A46800F3F68E /* CWarriorUnit2.cpp */; };
		5482A56A181CEDC900D1B668 /* CSkillMarineGunAttack.cpp in Sources */ = {isa = PBXBuildFile; fileRef = 5482A566181CEDC800D1B668 /* CSkillMarineGunAttack.cpp */; };
		5482A56B181CEDC900D1B668 /* CSkillMeleeAttack.cpp in Sources */ = {isa = PBXBuildFile; fileRef = 5482A568181CEDC900D1B668 /* CSkillMeleeAttack.cpp */; };
		5482A56E181CEF5800D1B668 /* CEffectManager.cpp in Sources */ = {isa = PBXBuildFile; fileRef = 5482A56C181CEF5800D1B668 /* CEffectManager.cpp */; };
		5497E8A11800492100544B86 /* CBkgLayerBase.cpp in Sources */ = {isa = PBXBuildFile; fileRef = 5497E89F1800492100544B86 /* CBkgLayerBase.cpp */; };
		549FC92D1816123E000319A0 /* CTimeProfile.cpp in Sources */ = {isa = PBXBuildFile; fileRef = 549FC92B1816123E000319A0 /* CTimeProfile.cpp */; };
		54D0CD4B17DC742F0022A1E9 /* role_0.ccbi in Resources */ = {isa = PBXBuildFile; fileRef = 54D0CD1A17DC742F0022A1E9 /* role_0.ccbi */; };
		54D0CD5117DC7C8A0022A1E9 /* resources-ipad in Resources */ = {isa = PBXBuildFile; fileRef = 54D0CD4D17DC7C8A0022A1E9 /* resources-ipad */; };
		54D0CD5217DC7C8A0022A1E9 /* resources-ipadhd in Resources */ = {isa = PBXBuildFile; fileRef = 54D0CD4E17DC7C8A0022A1E9 /* resources-ipadhd */; };
		54D0CD5317DC7C8A0022A1E9 /* resources-iphone in Resources */ = {isa = PBXBuildFile; fileRef = 54D0CD4F17DC7C8A0022A1E9 /* resources-iphone */; };
		54D0CD5417DC7C8A0022A1E9 /* resources-iphonehd in Resources */ = {isa = PBXBuildFile; fileRef = 54D0CD5017DC7C8A0022A1E9 /* resources-iphonehd */; };
		54D0CD6F17DC8BF20022A1E9 /* BatchNodes.plist in Resources */ = {isa = PBXBuildFile; fileRef = 54D0CD6C17DC8BF20022A1E9 /* BatchNodes.plist */; };
		54D0CD7017DC8BF20022A1E9 /* GameCollision.plist in Resources */ = {isa = PBXBuildFile; fileRef = 54D0CD6D17DC8BF20022A1E9 /* GameCollision.plist */; };
		54D0CD7B17DC8EAA0022A1E9 /* Default.png in Resources */ = {isa = PBXBuildFile; fileRef = 54D0CD7317DC8EAA0022A1E9 /* Default.png */; };
		54D0CD7D17DC8EAA0022A1E9 /* Icon-72.png in Resources */ = {isa = PBXBuildFile; fileRef = 54D0CD7517DC8EAA0022A1E9 /* Icon-72.png */; };
		54D0CD7E17DC8EAA0022A1E9 /* Icon-Small-50.png in Resources */ = {isa = PBXBuildFile; fileRef = 54D0CD7617DC8EAA0022A1E9 /* Icon-Small-50.png */; };
		54D0CD7F17DC8EAA0022A1E9 /* Icon-Small.png in Resources */ = {isa = PBXBuildFile; fileRef = 54D0CD7717DC8EAA0022A1E9 /* Icon-Small.png */; };
		54D0CD8017DC8EAA0022A1E9 /* Icon-Small@2x.png in Resources */ = {isa = PBXBuildFile; fileRef = 54D0CD7817DC8EAA0022A1E9 /* Icon-Small@2x.png */; };
		54D0CD8117DC8EAA0022A1E9 /* Icon.png in Resources */ = {isa = PBXBuildFile; fileRef = 54D0CD7917DC8EAA0022A1E9 /* Icon.png */; };
		54D0CD8217DC8EAA0022A1E9 /* Icon@2x.png in Resources */ = {isa = PBXBuildFile; fileRef = 54D0CD7A17DC8EAA0022A1E9 /* Icon@2x.png */; };
		54DFBAA617DB6FBE00B006F3 /* AppController.mm in Sources */ = {isa = PBXBuildFile; fileRef = 54DFBAA217DB6FBE00B006F3 /* AppController.mm */; };
		54DFBAA717DB6FBE00B006F3 /* main.m in Sources */ = {isa = PBXBuildFile; fileRef = 54DFBAA317DB6FBE00B006F3 /* main.m */; };
		54DFBAA817DB6FBE00B006F3 /* RootViewController.mm in Sources */ = {isa = PBXBuildFile; fileRef = 54DFBAA517DB6FBE00B006F3 /* RootViewController.mm */; };
		54DFBE9917DB747900B006F3 /* AppDelegate.cpp in Sources */ = {isa = PBXBuildFile; fileRef = 54DFBE0817DB747800B006F3 /* AppDelegate.cpp */; };
		54DFBE9A17DB747900B006F3 /* CAnimationCache.cpp in Sources */ = {isa = PBXBuildFile; fileRef = 54DFBE0A17DB747800B006F3 /* CAnimationCache.cpp */; };
		54DFBE9D17DB747900B006F3 /* CBackgroundManager.cpp in Sources */ = {isa = PBXBuildFile; fileRef = 54DFBE1017DB747800B006F3 /* CBackgroundManager.cpp */; };
		54DFBEA217DB747900B006F3 /* CBaseLayer.cpp in Sources */ = {isa = PBXBuildFile; fileRef = 54DFBE1A17DB747800B006F3 /* CBaseLayer.cpp */; };
		54DFBEA317DB747900B006F3 /* CBatchNodeManager.cpp in Sources */ = {isa = PBXBuildFile; fileRef = 54DFBE1C17DB747800B006F3 /* CBatchNodeManager.cpp */; };
		54DFBEA417DB747900B006F3 /* CBatchNodeObject.cpp in Sources */ = {isa = PBXBuildFile; fileRef = 54DFBE1E17DB747800B006F3 /* CBatchNodeObject.cpp */; };
		54DFBEA517DB747900B006F3 /* CBattleFieldLayer.cpp in Sources */ = {isa = PBXBuildFile; fileRef = 54DFBE2017DB747800B006F3 /* CBattleFieldLayer.cpp */; };
		54DFBEA817DB747900B006F3 /* CCControlToggleButton.cpp in Sources */ = {isa = PBXBuildFile; fileRef = 54DFBE2617DB747800B006F3 /* CCControlToggleButton.cpp */; };
		54DFBEAA17DB747900B006F3 /* CCircleSensor.cpp in Sources */ = {isa = PBXBuildFile; fileRef = 54DFBE2A17DB747800B006F3 /* CCircleSensor.cpp */; };
		54DFBEAD17DB747900B006F3 /* CDataCenterManager.cpp in Sources */ = {isa = PBXBuildFile; fileRef = 54DFBE3017DB747800B006F3 /* CDataCenterManager.cpp */; };
		54DFBEB017DB747900B006F3 /* CFightingRelationship.cpp in Sources */ = {isa = PBXBuildFile; fileRef = 54DFBE3617DB747800B006F3 /* CFightingRelationship.cpp */; };
		54DFBEB117DB747900B006F3 /* CFormationLayer.cpp in Sources */ = {isa = PBXBuildFile; fileRef = 54DFBE3817DB747800B006F3 /* CFormationLayer.cpp */; };
		54DFBEB217DB747900B006F3 /* CFormationManager.cpp in Sources */ = {isa = PBXBuildFile; fileRef = 54DFBE3A17DB747800B006F3 /* CFormationManager.cpp */; };
		54DFBEB317DB747900B006F3 /* CFormationPanelLayer.cpp in Sources */ = {isa = PBXBuildFile; fileRef = 54DFBE3C17DB747800B006F3 /* CFormationPanelLayer.cpp */; };
		54DFBEB417DB747900B006F3 /* CGamePanelLayer.cpp in Sources */ = {isa = PBXBuildFile; fileRef = 54DFBE3E17DB747800B006F3 /* CGamePanelLayer.cpp */; };
		54DFBEB517DB747900B006F3 /* CGameSceneManager.cpp in Sources */ = {isa = PBXBuildFile; fileRef = 54DFBE4017DB747800B006F3 /* CGameSceneManager.cpp */; };
		54DFBEB617DB747900B006F3 /* CGameTime.cpp in Sources */ = {isa = PBXBuildFile; fileRef = 54DFBE4217DB747800B006F3 /* CGameTime.cpp */; };
		54DFBEB717DB747900B006F3 /* CGlobalConfigration.cpp in Sources */ = {isa = PBXBuildFile; fileRef = 54DFBE4417DB747800B006F3 /* CGlobalConfigration.cpp */; };
		54DFBEB917DB747900B006F3 /* CHudLayer.cpp in Sources */ = {isa = PBXBuildFile; fileRef = 54DFBE4817DB747800B006F3 /* CHudLayer.cpp */; };
		54DFBEBA17DB747900B006F3 /* CLobbyLayer.cpp in Sources */ = {isa = PBXBuildFile; fileRef = 54DFBE4A17DB747800B006F3 /* CLobbyLayer.cpp */; };
		54DFBEBC17DB747900B006F3 /* CMemPool.cpp in Sources */ = {isa = PBXBuildFile; fileRef = 54DFBE4E17DB747800B006F3 /* CMemPool.cpp */; };
		54DFBEC117DB747900B006F3 /* CNodeContainer.cpp in Sources */ = {isa = PBXBuildFile; fileRef = 54DFBE5817DB747800B006F3 /* CNodeContainer.cpp */; };
		54DFBEC217DB747900B006F3 /* CObjectBase.cpp in Sources */ = {isa = PBXBuildFile; fileRef = 54DFBE5A17DB747800B006F3 /* CObjectBase.cpp */; };
		54DFBEC317DB747900B006F3 /* CObjectFactory.cpp in Sources */ = {isa = PBXBuildFile; fileRef = 54DFBE5C17DB747800B006F3 /* CObjectFactory.cpp */; };
		54DFBEC417DB747900B006F3 /* CPath.cpp in Sources */ = {isa = PBXBuildFile; fileRef = 54DFBE5F17DB747800B006F3 /* CPath.cpp */; };
		54DFBEC517DB747900B006F3 /* CPathFinderManager.cpp in Sources */ = {isa = PBXBuildFile; fileRef = 54DFBE6117DB747800B006F3 /* CPathFinderManager.cpp */; };
		54DFBEC617DB747900B006F3 /* CPathManager.cpp in Sources */ = {isa = PBXBuildFile; fileRef = 54DFBE6317DB747800B006F3 /* CPathManager.cpp */; };
		54DFBEC817DB747900B006F3 /* CRole.cpp in Sources */ = {isa = PBXBuildFile; fileRef = 54DFBE6717DB747800B006F3 /* CRole.cpp */; };
		54DFBEC917DB747900B006F3 /* CScale9SpriteObject.cpp in Sources */ = {isa = PBXBuildFile; fileRef = 54DFBE6917DB747800B006F3 /* CScale9SpriteObject.cpp */; };
		54DFBECA17DB747900B006F3 /* CSensor.cpp in Sources */ = {isa = PBXBuildFile; fileRef = 54DFBE6B17DB747800B006F3 /* CSensor.cpp */; };
		54DFBECB17DB747900B006F3 /* CSingleton.cpp in Sources */ = {isa = PBXBuildFile; fileRef = 54DFBE6D17DB747800B006F3 /* CSingleton.cpp */; };
		54DFBECD17DB747900B006F3 /* CSoldierBuildTask.cpp in Sources */ = {isa = PBXBuildFile; fileRef = 54DFBE7117DB747800B006F3 /* CSoldierBuildTask.cpp */; };
		54DFBECF17DB747900B006F3 /* CSpriteObject.cpp in Sources */ = {isa = PBXBuildFile; fileRef = 54DFBE7617DB747800B006F3 /* CSpriteObject.cpp */; };
		54DFBED017DB747900B006F3 /* CState.cpp in Sources */ = {isa = PBXBuildFile; fileRef = 54DFBE7817DB747800B006F3 /* CState.cpp */; };
		54DFBED117DB747900B006F3 /* CTouchesLayer.cpp in Sources */ = {isa = PBXBuildFile; fileRef = 54DFBE7A17DB747800B006F3 /* CTouchesLayer.cpp */; };
		54DFBED317DB747900B006F3 /* CTransitLayer.cpp in Sources */ = {isa = PBXBuildFile; fileRef = 54DFBE7E17DB747800B006F3 /* CTransitLayer.cpp */; };
		54DFBED417DB747900B006F3 /* CVisibleObject.cpp in Sources */ = {isa = PBXBuildFile; fileRef = 54DFBE8017DB747800B006F3 /* CVisibleObject.cpp */; };
		54DFBED517DB747900B006F3 /* CWarriorRole.cpp in Sources */ = {isa = PBXBuildFile; fileRef = 54DFBE8217DB747800B006F3 /* CWarriorRole.cpp */; };
		54DFBED717DB747900B006F3 /* TFCollisionMgr.cpp in Sources */ = {isa = PBXBuildFile; fileRef = 54DFBE8917DB747900B006F3 /* TFCollisionMgr.cpp */; };
		54DFBED817DB747900B006F3 /* TFCollisionProtocol.cpp in Sources */ = {isa = PBXBuildFile; fileRef = 54DFBE8B17DB747900B006F3 /* TFCollisionProtocol.cpp */; };
		54DFBEDA17DB747900B006F3 /* CHPBar.cpp in Sources */ = {isa = PBXBuildFile; fileRef = 54DFBE8F17DB747900B006F3 /* CHPBar.cpp */; };
		54DFBEDD17DB747900B006F3 /* TFPListReaderHelper.cpp in Sources */ = {isa = PBXBuildFile; fileRef = 54DFBE9517DB747900B006F3 /* TFPListReaderHelper.cpp */; };
		54DFBEDE17DB747900B006F3 /* UtilityFunction.cpp in Sources */ = {isa = PBXBuildFile; fileRef = 54DFBE9717DB747900B006F3 /* UtilityFunction.cpp */; };
		54DFBEE017DB77CC00B006F3 /* Info.plist in Resources */ = {isa = PBXBuildFile; fileRef = 54DFBEDF17DB77CC00B006F3 /* Info.plist */; };
		54EBA2DF18373256009A67E9 /* libjansson.a in Frameworks */ = {isa = PBXBuildFile; fileRef = 54EBA2DC18373256009A67E9 /* libjansson.a */; };
		54EBA2E018373256009A67E9 /* libpomelo.a in Frameworks */ = {isa = PBXBuildFile; fileRef = 54EBA2DD18373256009A67E9 /* libpomelo.a */; };
		54EBA2E118373256009A67E9 /* libuv.a in Frameworks */ = {isa = PBXBuildFile; fileRef = 54EBA2DE18373256009A67E9 /* libuv.a */; };
/* End PBXBuildFile section */

/* Begin PBXFileReference section */
		5400250A1838A40A009525AD /* libcocos2dx iOS.a */ = {isa = PBXFileReference; lastKnownFileType = archive.ar; name = "libcocos2dx iOS.a"; path = "../../cocos2d-x/libs/libcocos2dx iOS.a"; sourceTree = "<group>"; };
		5400250B1838A40A009525AD /* libcocos2dx-extensions iOS.a */ = {isa = PBXFileReference; lastKnownFileType = archive.ar; name = "libcocos2dx-extensions iOS.a"; path = "../../cocos2d-x/libs/libcocos2dx-extensions iOS.a"; sourceTree = "<group>"; };
		5400250C1838A40A009525AD /* libCocosDenshion iOS.a */ = {isa = PBXFileReference; lastKnownFileType = archive.ar; name = "libCocosDenshion iOS.a"; path = "../../cocos2d-x/libs/libCocosDenshion iOS.a"; sourceTree = "<group>"; };
		5407D0C817DC994E0071A620 /* lobby_layer.ccbi */ = {isa = PBXFileReference; lastKnownFileType = file; path = lobby_layer.ccbi; sourceTree = "<group>"; };
		5407D0CB17DCC5450071A620 /* formation_layer.ccbi */ = {isa = PBXFileReference; lastKnownFileType = file; path = formation_layer.ccbi; sourceTree = "<group>"; };
		5407D0CD17DCCCEE0071A620 /* background_grid.ccbi */ = {isa = PBXFileReference; lastKnownFileType = file; path = background_grid.ccbi; sourceTree = "<group>"; };
		540B1EF11835C4F5001D6B74 /* CCPomelo.cpp */ = {isa = PBXFileReference; fileEncoding = 4; lastKnownFileType = sourcecode.cpp.cpp; name = CCPomelo.cpp; path = ../../Classes/CCPomelo.cpp; sourceTree = "<group>"; };
		540B1EF21835C4F5001D6B74 /* CCPomelo.h */ = {isa = PBXFileReference; fileEncoding = 4; lastKnownFileType = sourcecode.c.h; name = CCPomelo.h; path = ../../Classes/CCPomelo.h; sourceTree = "<group>"; };
		540E4CAA180ED184000BA7D4 /* CWarriorDyingComp.cpp */ = {isa = PBXFileReference; fileEncoding = 4; lastKnownFileType = sourcecode.cpp.cpp; name = CWarriorDyingComp.cpp; path = ../../Classes/CWarriorDyingComp.cpp; sourceTree = "<group>"; };
		540E4CAB180ED184000BA7D4 /* CWarriorDyingComp.h */ = {isa = PBXFileReference; fileEncoding = 4; lastKnownFileType = sourcecode.c.h; name = CWarriorDyingComp.h; path = ../../Classes/CWarriorDyingComp.h; sourceTree = "<group>"; };
		540E5BB51803B73E003C7510 /* CBattleFiledManager.cpp */ = {isa = PBXFileReference; fileEncoding = 4; lastKnownFileType = sourcecode.cpp.cpp; name = CBattleFiledManager.cpp; path = ../../Classes/CBattleFiledManager.cpp; sourceTree = "<group>"; };
		540E5BB61803B73E003C7510 /* CBattleFiledManager.h */ = {isa = PBXFileReference; fileEncoding = 4; lastKnownFileType = sourcecode.c.h; name = CBattleFiledManager.h; path = ../../Classes/CBattleFiledManager.h; sourceTree = "<group>"; };
		5411740E17E203FE0082E53C /* unit0.ccbi */ = {isa = PBXFileReference; lastKnownFileType = file; path = unit0.ccbi; sourceTree = "<group>"; };
		5411740F17E203FE0082E53C /* unit1.ccbi */ = {isa = PBXFileReference; lastKnownFileType = file; path = unit1.ccbi; sourceTree = "<group>"; };
		5411741017E203FE0082E53C /* unit2.ccbi */ = {isa = PBXFileReference; lastKnownFileType = file; path = unit2.ccbi; sourceTree = "<group>"; };
		5411741117E203FE0082E53C /* unit3.ccbi */ = {isa = PBXFileReference; lastKnownFileType = file; path = unit3.ccbi; sourceTree = "<group>"; };
		5411741217E203FE0082E53C /* unit4.ccbi */ = {isa = PBXFileReference; lastKnownFileType = file; path = unit4.ccbi; sourceTree = "<group>"; };
		5411741317E203FE0082E53C /* unit5.ccbi */ = {isa = PBXFileReference; lastKnownFileType = file; path = unit5.ccbi; sourceTree = "<group>"; };
		5411741417E203FE0082E53C /* unit6.ccbi */ = {isa = PBXFileReference; lastKnownFileType = file; path = unit6.ccbi; sourceTree = "<group>"; };
		5411741517E203FE0082E53C /* unit7.ccbi */ = {isa = PBXFileReference; lastKnownFileType = file; path = unit7.ccbi; sourceTree = "<group>"; };
		5411741617E203FE0082E53C /* unit8.ccbi */ = {isa = PBXFileReference; lastKnownFileType = file; path = unit8.ccbi; sourceTree = "<group>"; };
		5411741717E203FE0082E53C /* unit9.ccbi */ = {isa = PBXFileReference; lastKnownFileType = file; path = unit9.ccbi; sourceTree = "<group>"; };
		5411741817E203FE0082E53C /* unit10.ccbi */ = {isa = PBXFileReference; lastKnownFileType = file; path = unit10.ccbi; sourceTree = "<group>"; };
		5411741917E203FE0082E53C /* unit11.ccbi */ = {isa = PBXFileReference; lastKnownFileType = file; path = unit11.ccbi; sourceTree = "<group>"; };
		5411742C17E5B5750082E53C /* CMoveOnGridComp.cpp */ = {isa = PBXFileReference; fileEncoding = 4; lastKnownFileType = sourcecode.cpp.cpp; name = CMoveOnGridComp.cpp; path = ../../Classes/CMoveOnGridComp.cpp; sourceTree = "<group>"; };
		5411742D17E5B5750082E53C /* CMoveOnGridComp.h */ = {isa = PBXFileReference; fileEncoding = 4; lastKnownFileType = sourcecode.c.h; name = CMoveOnGridComp.h; path = ../../Classes/CMoveOnGridComp.h; sourceTree = "<group>"; };
		54156FBE183CDE8D007502A2 /* CLoginLayer.cpp */ = {isa = PBXFileReference; fileEncoding = 4; lastKnownFileType = sourcecode.cpp.cpp; name = CLoginLayer.cpp; path = ../../Classes/CLoginLayer.cpp; sourceTree = "<group>"; };
		54156FBF183CDE8D007502A2 /* CLoginLayer.h */ = {isa = PBXFileReference; fileEncoding = 4; lastKnownFileType = sourcecode.c.h; name = CLoginLayer.h; path = ../../Classes/CLoginLayer.h; sourceTree = "<group>"; };
		54156FC1183CED1A007502A2 /* Login_layer.ccbi */ = {isa = PBXFileReference; lastKnownFileType = file; path = Login_layer.ccbi; sourceTree = "<group>"; };
		5435A2621816CA85009B4D81 /* ICCBAnimationDelegate.h */ = {isa = PBXFileReference; lastKnownFileType = sourcecode.c.h; name = ICCBAnimationDelegate.h; path = ../../Classes/ICCBAnimationDelegate.h; sourceTree = "<group>"; };
		54467E0D1817F2680028B700 /* effect0.ccbi */ = {isa = PBXFileReference; lastKnownFileType = file; path = effect0.ccbi; sourceTree = "<group>"; };
		54467E101817F4040028B700 /* CGameEffect.cpp */ = {isa = PBXFileReference; fileEncoding = 4; lastKnownFileType = sourcecode.cpp.cpp; name = CGameEffect.cpp; path = ../../Classes/CGameEffect.cpp; sourceTree = "<group>"; };
		54467E111817F4040028B700 /* CGameEffect.h */ = {isa = PBXFileReference; fileEncoding = 4; lastKnownFileType = sourcecode.c.h; name = CGameEffect.h; path = ../../Classes/CGameEffect.h; sourceTree = "<group>"; };
		544F90A718064AFC0049139F /* CSkillComp.cpp */ = {isa = PBXFileReference; fileEncoding = 4; lastKnownFileType = sourcecode.cpp.cpp; name = CSkillComp.cpp; path = ../../Classes/CSkillComp.cpp; sourceTree = "<group>"; };
		544F90A818064AFC0049139F /* CSkillComp.h */ = {isa = PBXFileReference; fileEncoding = 4; lastKnownFileType = sourcecode.c.h; name = CSkillComp.h; path = ../../Classes/CSkillComp.h; sourceTree = "<group>"; };
		544F90AA18064B200049139F /* CWarriorRoleCompBase.cpp */ = {isa = PBXFileReference; fileEncoding = 4; lastKnownFileType = sourcecode.cpp.cpp; name = CWarriorRoleCompBase.cpp; path = ../../Classes/CWarriorRoleCompBase.cpp; sourceTree = "<group>"; };
		544F90AB18064B200049139F /* CWarriorRoleCompBase.h */ = {isa = PBXFileReference; fileEncoding = 4; lastKnownFileType = sourcecode.c.h; name = CWarriorRoleCompBase.h; path = ../../Classes/CWarriorRoleCompBase.h; sourceTree = "<group>"; };
		54607B721760D96400108571 /* GameX.app */ = {isa = PBXFileReference; explicitFileType = wrapper.application; includeInIndex = 0; path = GameX.app; sourceTree = BUILT_PRODUCTS_DIR; };
		54607B751760D96400108571 /* QuartzCore.framework */ = {isa = PBXFileReference; lastKnownFileType = wrapper.framework; name = QuartzCore.framework; path = System/Library/Frameworks/QuartzCore.framework; sourceTree = SDKROOT; };
		54607B771760D96400108571 /* OpenGLES.framework */ = {isa = PBXFileReference; lastKnownFileType = wrapper.framework; name = OpenGLES.framework; path = System/Library/Frameworks/OpenGLES.framework; sourceTree = SDKROOT; };
		54607B791760D96400108571 /* OpenAL.framework */ = {isa = PBXFileReference; lastKnownFileType = wrapper.framework; name = OpenAL.framework; path = System/Library/Frameworks/OpenAL.framework; sourceTree = SDKROOT; };
		54607B7B1760D96400108571 /* AudioToolbox.framework */ = {isa = PBXFileReference; lastKnownFileType = wrapper.framework; name = AudioToolbox.framework; path = System/Library/Frameworks/AudioToolbox.framework; sourceTree = SDKROOT; };
		54607B7D1760D96400108571 /* AVFoundation.framework */ = {isa = PBXFileReference; lastKnownFileType = wrapper.framework; name = AVFoundation.framework; path = System/Library/Frameworks/AVFoundation.framework; sourceTree = SDKROOT; };
		54607B7F1760D96400108571 /* UIKit.framework */ = {isa = PBXFileReference; lastKnownFileType = wrapper.framework; name = UIKit.framework; path = System/Library/Frameworks/UIKit.framework; sourceTree = SDKROOT; };
		54607B811760D96400108571 /* Foundation.framework */ = {isa = PBXFileReference; lastKnownFileType = wrapper.framework; name = Foundation.framework; path = System/Library/Frameworks/Foundation.framework; sourceTree = SDKROOT; };
		54607B831760D96400108571 /* CoreGraphics.framework */ = {isa = PBXFileReference; lastKnownFileType = wrapper.framework; name = CoreGraphics.framework; path = System/Library/Frameworks/CoreGraphics.framework; sourceTree = SDKROOT; };
		54607E101760D96800108571 /* Prefix.pch */ = {isa = PBXFileReference; lastKnownFileType = sourcecode.c.h; name = Prefix.pch; path = ../Prefix.pch; sourceTree = "<group>"; };
		54801F1A18059E2A00F3F68E /* CWarriorUnit0.cpp */ = {isa = PBXFileReference; fileEncoding = 4; lastKnownFileType = sourcecode.cpp.cpp; name = CWarriorUnit0.cpp; path = ../../Classes/CWarriorUnit0.cpp; sourceTree = "<group>"; };
		54801F1B18059E2A00F3F68E /* CWarriorUnit0.h */ = {isa = PBXFileReference; fileEncoding = 4; lastKnownFileType = sourcecode.c.h; name = CWarriorUnit0.h; path = ../../Classes/CWarriorUnit0.h; sourceTree = "<group>"; };
		54801F1D1805A46800F3F68E /* CWarriorUnit1.cpp */ = {isa = PBXFileReference; fileEncoding = 4; lastKnownFileType = sourcecode.cpp.cpp; name = CWarriorUnit1.cpp; path = ../../Classes/CWarriorUnit1.cpp; sourceTree = "<group>"; };
		54801F1E1805A46800F3F68E /* CWarriorUnit1.h */ = {isa = PBXFileReference; fileEncoding = 4; lastKnownFileType = sourcecode.c.h; name = CWarriorUnit1.h; path = ../../Classes/CWarriorUnit1.h; sourceTree = "<group>"; };
		54801F1F1805A46800F3F68E /* CWarriorUnit2.cpp */ = {isa = PBXFileReference; fileEncoding = 4; lastKnownFileType = sourcecode.cpp.cpp; name = CWarriorUnit2.cpp; path = ../../Classes/CWarriorUnit2.cpp; sourceTree = "<group>"; };
		54801F201805A46800F3F68E /* CWarriorUnit2.h */ = {isa = PBXFileReference; fileEncoding = 4; lastKnownFileType = sourcecode.c.h; name = CWarriorUnit2.h; path = ../../Classes/CWarriorUnit2.h; sourceTree = "<group>"; };
		5482A566181CEDC800D1B668 /* CSkillMarineGunAttack.cpp */ = {isa = PBXFileReference; fileEncoding = 4; lastKnownFileType = sourcecode.cpp.cpp; name = CSkillMarineGunAttack.cpp; path = ../../Classes/CSkillMarineGunAttack.cpp; sourceTree = "<group>"; };
		5482A567181CEDC900D1B668 /* CSkillMarineGunAttack.h */ = {isa = PBXFileReference; fileEncoding = 4; lastKnownFileType = sourcecode.c.h; name = CSkillMarineGunAttack.h; path = ../../Classes/CSkillMarineGunAttack.h; sourceTree = "<group>"; };
		5482A568181CEDC900D1B668 /* CSkillMeleeAttack.cpp */ = {isa = PBXFileReference; fileEncoding = 4; lastKnownFileType = sourcecode.cpp.cpp; name = CSkillMeleeAttack.cpp; path = ../../Classes/CSkillMeleeAttack.cpp; sourceTree = "<group>"; };
		5482A569181CEDC900D1B668 /* CSkillMeleeAttack.h */ = {isa = PBXFileReference; fileEncoding = 4; lastKnownFileType = sourcecode.c.h; name = CSkillMeleeAttack.h; path = ../../Classes/CSkillMeleeAttack.h; sourceTree = "<group>"; };
		5482A56C181CEF5800D1B668 /* CEffectManager.cpp */ = {isa = PBXFileReference; fileEncoding = 4; lastKnownFileType = sourcecode.cpp.cpp; name = CEffectManager.cpp; path = ../../Classes/CEffectManager.cpp; sourceTree = "<group>"; };
		5482A56D181CEF5800D1B668 /* CEffectManager.h */ = {isa = PBXFileReference; fileEncoding = 4; lastKnownFileType = sourcecode.c.h; name = CEffectManager.h; path = ../../Classes/CEffectManager.h; sourceTree = "<group>"; };
		5482A570181D041300D1B668 /* DTEffect.h */ = {isa = PBXFileReference; fileEncoding = 4; lastKnownFileType = sourcecode.c.h; name = DTEffect.h; path = ../../Classes/DTEffect.h; sourceTree = "<group>"; };
		5497E89F1800492100544B86 /* CBkgLayerBase.cpp */ = {isa = PBXFileReference; fileEncoding = 4; lastKnownFileType = sourcecode.cpp.cpp; name = CBkgLayerBase.cpp; path = ../../Classes/CBkgLayerBase.cpp; sourceTree = "<group>"; };
		5497E8A01800492100544B86 /* CBkgLayerBase.h */ = {isa = PBXFileReference; fileEncoding = 4; lastKnownFileType = sourcecode.c.h; name = CBkgLayerBase.h; path = ../../Classes/CBkgLayerBase.h; sourceTree = "<group>"; };
		549C19D01806F9D500649BD3 /* DTSkill.h */ = {isa = PBXFileReference; fileEncoding = 4; lastKnownFileType = sourcecode.c.h; name = DTSkill.h; path = ../../Classes/DTSkill.h; sourceTree = "<group>"; };
		549FC92B1816123E000319A0 /* CTimeProfile.cpp */ = {isa = PBXFileReference; fileEncoding = 4; lastKnownFileType = sourcecode.cpp.cpp; name = CTimeProfile.cpp; path = ../../Classes/CTimeProfile.cpp; sourceTree = "<group>"; };
		549FC92C1816123E000319A0 /* CTimeProfile.h */ = {isa = PBXFileReference; fileEncoding = 4; lastKnownFileType = sourcecode.c.h; name = CTimeProfile.h; path = ../../Classes/CTimeProfile.h; sourceTree = "<group>"; };
		54D0CD1A17DC742F0022A1E9 /* role_0.ccbi */ = {isa = PBXFileReference; lastKnownFileType = file; path = role_0.ccbi; sourceTree = "<group>"; };
		54D0CD4D17DC7C8A0022A1E9 /* resources-ipad */ = {isa = PBXFileReference; lastKnownFileType = folder; path = "resources-ipad"; sourceTree = "<group>"; };
		54D0CD4E17DC7C8A0022A1E9 /* resources-ipadhd */ = {isa = PBXFileReference; lastKnownFileType = folder; path = "resources-ipadhd"; sourceTree = "<group>"; };
		54D0CD4F17DC7C8A0022A1E9 /* resources-iphone */ = {isa = PBXFileReference; lastKnownFileType = folder; path = "resources-iphone"; sourceTree = "<group>"; };
		54D0CD5017DC7C8A0022A1E9 /* resources-iphonehd */ = {isa = PBXFileReference; lastKnownFileType = folder; path = "resources-iphonehd"; sourceTree = "<group>"; };
		54D0CD6C17DC8BF20022A1E9 /* BatchNodes.plist */ = {isa = PBXFileReference; lastKnownFileType = file.bplist; name = BatchNodes.plist; path = ../Resources/BatchNodes.plist; sourceTree = "<group>"; };
		54D0CD6D17DC8BF20022A1E9 /* GameCollision.plist */ = {isa = PBXFileReference; lastKnownFileType = file.bplist; name = GameCollision.plist; path = ../Resources/GameCollision.plist; sourceTree = "<group>"; };
		54D0CD7317DC8EAA0022A1E9 /* Default.png */ = {isa = PBXFileReference; lastKnownFileType = image.png; path = Default.png; sourceTree = "<group>"; };
		54D0CD7517DC8EAA0022A1E9 /* Icon-72.png */ = {isa = PBXFileReference; lastKnownFileType = image.png; path = "Icon-72.png"; sourceTree = "<group>"; };
		54D0CD7617DC8EAA0022A1E9 /* Icon-Small-50.png */ = {isa = PBXFileReference; lastKnownFileType = image.png; path = "Icon-Small-50.png"; sourceTree = "<group>"; };
		54D0CD7717DC8EAA0022A1E9 /* Icon-Small.png */ = {isa = PBXFileReference; lastKnownFileType = image.png; path = "Icon-Small.png"; sourceTree = "<group>"; };
		54D0CD7817DC8EAA0022A1E9 /* Icon-Small@2x.png */ = {isa = PBXFileReference; lastKnownFileType = image.png; path = "Icon-Small@2x.png"; sourceTree = "<group>"; };
		54D0CD7917DC8EAA0022A1E9 /* Icon.png */ = {isa = PBXFileReference; lastKnownFileType = image.png; path = Icon.png; sourceTree = "<group>"; };
		54D0CD7A17DC8EAA0022A1E9 /* Icon@2x.png */ = {isa = PBXFileReference; lastKnownFileType = image.png; path = "Icon@2x.png"; sourceTree = "<group>"; };
		54DFBAA117DB6FBE00B006F3 /* AppController.h */ = {isa = PBXFileReference; fileEncoding = 4; lastKnownFileType = sourcecode.c.h; name = AppController.h; path = Classes/AppController.h; sourceTree = SOURCE_ROOT; };
		54DFBAA217DB6FBE00B006F3 /* AppController.mm */ = {isa = PBXFileReference; fileEncoding = 4; lastKnownFileType = sourcecode.cpp.objcpp; name = AppController.mm; path = Classes/AppController.mm; sourceTree = SOURCE_ROOT; };
		54DFBAA317DB6FBE00B006F3 /* main.m */ = {isa = PBXFileReference; fileEncoding = 4; lastKnownFileType = sourcecode.c.objc; name = main.m; path = Classes/main.m; sourceTree = SOURCE_ROOT; };
		54DFBAA417DB6FBE00B006F3 /* RootViewController.h */ = {isa = PBXFileReference; fileEncoding = 4; lastKnownFileType = sourcecode.c.h; name = RootViewController.h; path = Classes/RootViewController.h; sourceTree = SOURCE_ROOT; };
		54DFBAA517DB6FBE00B006F3 /* RootViewController.mm */ = {isa = PBXFileReference; fileEncoding = 4; lastKnownFileType = sourcecode.cpp.objcpp; name = RootViewController.mm; path = Classes/RootViewController.mm; sourceTree = SOURCE_ROOT; };
		54DFBE0817DB747800B006F3 /* AppDelegate.cpp */ = {isa = PBXFileReference; fileEncoding = 4; lastKnownFileType = sourcecode.cpp.cpp; name = AppDelegate.cpp; path = ../../Classes/AppDelegate.cpp; sourceTree = "<group>"; };
		54DFBE0917DB747800B006F3 /* AppDelegate.h */ = {isa = PBXFileReference; fileEncoding = 4; lastKnownFileType = sourcecode.c.h; name = AppDelegate.h; path = ../../Classes/AppDelegate.h; sourceTree = "<group>"; };
		54DFBE0A17DB747800B006F3 /* CAnimationCache.cpp */ = {isa = PBXFileReference; fileEncoding = 4; lastKnownFileType = sourcecode.cpp.cpp; name = CAnimationCache.cpp; path = ../../Classes/CAnimationCache.cpp; sourceTree = "<group>"; };
		54DFBE0B17DB747800B006F3 /* CAnimationCache.h */ = {isa = PBXFileReference; fileEncoding = 4; lastKnownFileType = sourcecode.c.h; name = CAnimationCache.h; path = ../../Classes/CAnimationCache.h; sourceTree = "<group>"; };
		54DFBE1017DB747800B006F3 /* CBackgroundManager.cpp */ = {isa = PBXFileReference; fileEncoding = 4; lastKnownFileType = sourcecode.cpp.cpp; name = CBackgroundManager.cpp; path = ../../Classes/CBackgroundManager.cpp; sourceTree = "<group>"; };
		54DFBE1117DB747800B006F3 /* CBackgroundManager.h */ = {isa = PBXFileReference; fileEncoding = 4; lastKnownFileType = sourcecode.c.h; name = CBackgroundManager.h; path = ../../Classes/CBackgroundManager.h; sourceTree = "<group>"; };
		54DFBE1A17DB747800B006F3 /* CBaseLayer.cpp */ = {isa = PBXFileReference; fileEncoding = 4; lastKnownFileType = sourcecode.cpp.cpp; name = CBaseLayer.cpp; path = ../../Classes/CBaseLayer.cpp; sourceTree = "<group>"; };
		54DFBE1B17DB747800B006F3 /* CBaseLayer.h */ = {isa = PBXFileReference; fileEncoding = 4; lastKnownFileType = sourcecode.c.h; name = CBaseLayer.h; path = ../../Classes/CBaseLayer.h; sourceTree = "<group>"; };
		54DFBE1C17DB747800B006F3 /* CBatchNodeManager.cpp */ = {isa = PBXFileReference; fileEncoding = 4; lastKnownFileType = sourcecode.cpp.cpp; name = CBatchNodeManager.cpp; path = ../../Classes/CBatchNodeManager.cpp; sourceTree = "<group>"; };
		54DFBE1D17DB747800B006F3 /* CBatchNodeManager.h */ = {isa = PBXFileReference; fileEncoding = 4; lastKnownFileType = sourcecode.c.h; name = CBatchNodeManager.h; path = ../../Classes/CBatchNodeManager.h; sourceTree = "<group>"; };
		54DFBE1E17DB747800B006F3 /* CBatchNodeObject.cpp */ = {isa = PBXFileReference; fileEncoding = 4; lastKnownFileType = sourcecode.cpp.cpp; name = CBatchNodeObject.cpp; path = ../../Classes/CBatchNodeObject.cpp; sourceTree = "<group>"; };
		54DFBE1F17DB747800B006F3 /* CBatchNodeObject.h */ = {isa = PBXFileReference; fileEncoding = 4; lastKnownFileType = sourcecode.c.h; name = CBatchNodeObject.h; path = ../../Classes/CBatchNodeObject.h; sourceTree = "<group>"; };
		54DFBE2017DB747800B006F3 /* CBattleFieldLayer.cpp */ = {isa = PBXFileReference; fileEncoding = 4; lastKnownFileType = sourcecode.cpp.cpp; name = CBattleFieldLayer.cpp; path = ../../Classes/CBattleFieldLayer.cpp; sourceTree = "<group>"; };
		54DFBE2117DB747800B006F3 /* CBattleFieldLayer.h */ = {isa = PBXFileReference; fileEncoding = 4; lastKnownFileType = sourcecode.c.h; name = CBattleFieldLayer.h; path = ../../Classes/CBattleFieldLayer.h; sourceTree = "<group>"; };
		54DFBE2617DB747800B006F3 /* CCControlToggleButton.cpp */ = {isa = PBXFileReference; fileEncoding = 4; lastKnownFileType = sourcecode.cpp.cpp; name = CCControlToggleButton.cpp; path = ../../Classes/CCControlToggleButton.cpp; sourceTree = "<group>"; };
		54DFBE2717DB747800B006F3 /* CCControlToggleButton.h */ = {isa = PBXFileReference; fileEncoding = 4; lastKnownFileType = sourcecode.c.h; name = CCControlToggleButton.h; path = ../../Classes/CCControlToggleButton.h; sourceTree = "<group>"; };
		54DFBE2A17DB747800B006F3 /* CCircleSensor.cpp */ = {isa = PBXFileReference; fileEncoding = 4; lastKnownFileType = sourcecode.cpp.cpp; name = CCircleSensor.cpp; path = ../../Classes/CCircleSensor.cpp; sourceTree = "<group>"; };
		54DFBE2B17DB747800B006F3 /* CCircleSensor.h */ = {isa = PBXFileReference; fileEncoding = 4; lastKnownFileType = sourcecode.c.h; name = CCircleSensor.h; path = ../../Classes/CCircleSensor.h; sourceTree = "<group>"; };
		54DFBE3017DB747800B006F3 /* CDataCenterManager.cpp */ = {isa = PBXFileReference; fileEncoding = 4; lastKnownFileType = sourcecode.cpp.cpp; name = CDataCenterManager.cpp; path = ../../Classes/CDataCenterManager.cpp; sourceTree = "<group>"; };
		54DFBE3117DB747800B006F3 /* CDataCenterManager.h */ = {isa = PBXFileReference; fileEncoding = 4; lastKnownFileType = sourcecode.c.h; name = CDataCenterManager.h; path = ../../Classes/CDataCenterManager.h; sourceTree = "<group>"; };
		54DFBE3617DB747800B006F3 /* CFightingRelationship.cpp */ = {isa = PBXFileReference; fileEncoding = 4; lastKnownFileType = sourcecode.cpp.cpp; name = CFightingRelationship.cpp; path = ../../Classes/CFightingRelationship.cpp; sourceTree = "<group>"; };
		54DFBE3717DB747800B006F3 /* CFightingRelationship.h */ = {isa = PBXFileReference; fileEncoding = 4; lastKnownFileType = sourcecode.c.h; name = CFightingRelationship.h; path = ../../Classes/CFightingRelationship.h; sourceTree = "<group>"; };
		54DFBE3817DB747800B006F3 /* CFormationLayer.cpp */ = {isa = PBXFileReference; fileEncoding = 4; lastKnownFileType = sourcecode.cpp.cpp; name = CFormationLayer.cpp; path = ../../Classes/CFormationLayer.cpp; sourceTree = "<group>"; };
		54DFBE3917DB747800B006F3 /* CFormationLayer.h */ = {isa = PBXFileReference; fileEncoding = 4; lastKnownFileType = sourcecode.c.h; name = CFormationLayer.h; path = ../../Classes/CFormationLayer.h; sourceTree = "<group>"; };
		54DFBE3A17DB747800B006F3 /* CFormationManager.cpp */ = {isa = PBXFileReference; fileEncoding = 4; lastKnownFileType = sourcecode.cpp.cpp; name = CFormationManager.cpp; path = ../../Classes/CFormationManager.cpp; sourceTree = "<group>"; };
		54DFBE3B17DB747800B006F3 /* CFormationManager.h */ = {isa = PBXFileReference; fileEncoding = 4; lastKnownFileType = sourcecode.c.h; name = CFormationManager.h; path = ../../Classes/CFormationManager.h; sourceTree = "<group>"; };
		54DFBE3C17DB747800B006F3 /* CFormationPanelLayer.cpp */ = {isa = PBXFileReference; fileEncoding = 4; lastKnownFileType = sourcecode.cpp.cpp; name = CFormationPanelLayer.cpp; path = ../../Classes/CFormationPanelLayer.cpp; sourceTree = "<group>"; };
		54DFBE3D17DB747800B006F3 /* CFormationPanelLayer.h */ = {isa = PBXFileReference; fileEncoding = 4; lastKnownFileType = sourcecode.c.h; name = CFormationPanelLayer.h; path = ../../Classes/CFormationPanelLayer.h; sourceTree = "<group>"; };
		54DFBE3E17DB747800B006F3 /* CGamePanelLayer.cpp */ = {isa = PBXFileReference; fileEncoding = 4; lastKnownFileType = sourcecode.cpp.cpp; name = CGamePanelLayer.cpp; path = ../../Classes/CGamePanelLayer.cpp; sourceTree = "<group>"; };
		54DFBE3F17DB747800B006F3 /* CGamePanelLayer.h */ = {isa = PBXFileReference; fileEncoding = 4; lastKnownFileType = sourcecode.c.h; name = CGamePanelLayer.h; path = ../../Classes/CGamePanelLayer.h; sourceTree = "<group>"; };
		54DFBE4017DB747800B006F3 /* CGameSceneManager.cpp */ = {isa = PBXFileReference; fileEncoding = 4; lastKnownFileType = sourcecode.cpp.cpp; name = CGameSceneManager.cpp; path = ../../Classes/CGameSceneManager.cpp; sourceTree = "<group>"; };
		54DFBE4117DB747800B006F3 /* CGameSceneManager.h */ = {isa = PBXFileReference; fileEncoding = 4; lastKnownFileType = sourcecode.c.h; name = CGameSceneManager.h; path = ../../Classes/CGameSceneManager.h; sourceTree = "<group>"; };
		54DFBE4217DB747800B006F3 /* CGameTime.cpp */ = {isa = PBXFileReference; fileEncoding = 4; lastKnownFileType = sourcecode.cpp.cpp; name = CGameTime.cpp; path = ../../Classes/CGameTime.cpp; sourceTree = "<group>"; };
		54DFBE4317DB747800B006F3 /* CGameTime.h */ = {isa = PBXFileReference; fileEncoding = 4; lastKnownFileType = sourcecode.c.h; name = CGameTime.h; path = ../../Classes/CGameTime.h; sourceTree = "<group>"; };
		54DFBE4417DB747800B006F3 /* CGlobalConfigration.cpp */ = {isa = PBXFileReference; fileEncoding = 4; lastKnownFileType = sourcecode.cpp.cpp; name = CGlobalConfigration.cpp; path = ../../Classes/CGlobalConfigration.cpp; sourceTree = "<group>"; };
		54DFBE4517DB747800B006F3 /* CGlobalConfigration.h */ = {isa = PBXFileReference; fileEncoding = 4; lastKnownFileType = sourcecode.c.h; name = CGlobalConfigration.h; path = ../../Classes/CGlobalConfigration.h; sourceTree = "<group>"; };
		54DFBE4817DB747800B006F3 /* CHudLayer.cpp */ = {isa = PBXFileReference; fileEncoding = 4; lastKnownFileType = sourcecode.cpp.cpp; name = CHudLayer.cpp; path = ../../Classes/CHudLayer.cpp; sourceTree = "<group>"; };
		54DFBE4917DB747800B006F3 /* CHudLayer.h */ = {isa = PBXFileReference; fileEncoding = 4; lastKnownFileType = sourcecode.c.h; name = CHudLayer.h; path = ../../Classes/CHudLayer.h; sourceTree = "<group>"; };
		54DFBE4A17DB747800B006F3 /* CLobbyLayer.cpp */ = {isa = PBXFileReference; fileEncoding = 4; lastKnownFileType = sourcecode.cpp.cpp; name = CLobbyLayer.cpp; path = ../../Classes/CLobbyLayer.cpp; sourceTree = "<group>"; };
		54DFBE4B17DB747800B006F3 /* CLobbyLayer.h */ = {isa = PBXFileReference; fileEncoding = 4; lastKnownFileType = sourcecode.c.h; name = CLobbyLayer.h; path = ../../Classes/CLobbyLayer.h; sourceTree = "<group>"; };
		54DFBE4E17DB747800B006F3 /* CMemPool.cpp */ = {isa = PBXFileReference; fileEncoding = 4; lastKnownFileType = sourcecode.cpp.cpp; name = CMemPool.cpp; path = ../../Classes/CMemPool.cpp; sourceTree = "<group>"; };
		54DFBE4F17DB747800B006F3 /* CMemPool.h */ = {isa = PBXFileReference; fileEncoding = 4; lastKnownFileType = sourcecode.c.h; name = CMemPool.h; path = ../../Classes/CMemPool.h; sourceTree = "<group>"; };
		54DFBE5817DB747800B006F3 /* CNodeContainer.cpp */ = {isa = PBXFileReference; fileEncoding = 4; lastKnownFileType = sourcecode.cpp.cpp; name = CNodeContainer.cpp; path = ../../Classes/CNodeContainer.cpp; sourceTree = "<group>"; };
		54DFBE5917DB747800B006F3 /* CNodeContainer.h */ = {isa = PBXFileReference; fileEncoding = 4; lastKnownFileType = sourcecode.c.h; name = CNodeContainer.h; path = ../../Classes/CNodeContainer.h; sourceTree = "<group>"; };
		54DFBE5A17DB747800B006F3 /* CObjectBase.cpp */ = {isa = PBXFileReference; fileEncoding = 4; lastKnownFileType = sourcecode.cpp.cpp; name = CObjectBase.cpp; path = ../../Classes/CObjectBase.cpp; sourceTree = "<group>"; };
		54DFBE5B17DB747800B006F3 /* CObjectBase.h */ = {isa = PBXFileReference; fileEncoding = 4; lastKnownFileType = sourcecode.c.h; name = CObjectBase.h; path = ../../Classes/CObjectBase.h; sourceTree = "<group>"; };
		54DFBE5C17DB747800B006F3 /* CObjectFactory.cpp */ = {isa = PBXFileReference; fileEncoding = 4; lastKnownFileType = sourcecode.cpp.cpp; name = CObjectFactory.cpp; path = ../../Classes/CObjectFactory.cpp; sourceTree = "<group>"; };
		54DFBE5D17DB747800B006F3 /* CObjectFactory.h */ = {isa = PBXFileReference; fileEncoding = 4; lastKnownFileType = sourcecode.c.h; name = CObjectFactory.h; path = ../../Classes/CObjectFactory.h; sourceTree = "<group>"; };
		54DFBE5E17DB747800B006F3 /* Common.h */ = {isa = PBXFileReference; fileEncoding = 4; lastKnownFileType = sourcecode.c.h; name = Common.h; path = ../../Classes/Common.h; sourceTree = "<group>"; };
		54DFBE5F17DB747800B006F3 /* CPath.cpp */ = {isa = PBXFileReference; fileEncoding = 4; lastKnownFileType = sourcecode.cpp.cpp; name = CPath.cpp; path = ../../Classes/CPath.cpp; sourceTree = "<group>"; };
		54DFBE6017DB747800B006F3 /* CPath.h */ = {isa = PBXFileReference; fileEncoding = 4; lastKnownFileType = sourcecode.c.h; name = CPath.h; path = ../../Classes/CPath.h; sourceTree = "<group>"; };
		54DFBE6117DB747800B006F3 /* CPathFinderManager.cpp */ = {isa = PBXFileReference; fileEncoding = 4; lastKnownFileType = sourcecode.cpp.cpp; name = CPathFinderManager.cpp; path = ../../Classes/CPathFinderManager.cpp; sourceTree = "<group>"; };
		54DFBE6217DB747800B006F3 /* CPathFinderManager.h */ = {isa = PBXFileReference; fileEncoding = 4; lastKnownFileType = sourcecode.c.h; name = CPathFinderManager.h; path = ../../Classes/CPathFinderManager.h; sourceTree = "<group>"; };
		54DFBE6317DB747800B006F3 /* CPathManager.cpp */ = {isa = PBXFileReference; fileEncoding = 4; lastKnownFileType = sourcecode.cpp.cpp; name = CPathManager.cpp; path = ../../Classes/CPathManager.cpp; sourceTree = "<group>"; };
		54DFBE6417DB747800B006F3 /* CPathManager.h */ = {isa = PBXFileReference; fileEncoding = 4; lastKnownFileType = sourcecode.c.h; name = CPathManager.h; path = ../../Classes/CPathManager.h; sourceTree = "<group>"; };
		54DFBE6717DB747800B006F3 /* CRole.cpp */ = {isa = PBXFileReference; fileEncoding = 4; lastKnownFileType = sourcecode.cpp.cpp; name = CRole.cpp; path = ../../Classes/CRole.cpp; sourceTree = "<group>"; };
		54DFBE6817DB747800B006F3 /* CRole.h */ = {isa = PBXFileReference; fileEncoding = 4; lastKnownFileType = sourcecode.c.h; name = CRole.h; path = ../../Classes/CRole.h; sourceTree = "<group>"; };
		54DFBE6917DB747800B006F3 /* CScale9SpriteObject.cpp */ = {isa = PBXFileReference; fileEncoding = 4; lastKnownFileType = sourcecode.cpp.cpp; name = CScale9SpriteObject.cpp; path = ../../Classes/CScale9SpriteObject.cpp; sourceTree = "<group>"; };
		54DFBE6A17DB747800B006F3 /* CScale9SpriteObject.h */ = {isa = PBXFileReference; fileEncoding = 4; lastKnownFileType = sourcecode.c.h; name = CScale9SpriteObject.h; path = ../../Classes/CScale9SpriteObject.h; sourceTree = "<group>"; };
		54DFBE6B17DB747800B006F3 /* CSensor.cpp */ = {isa = PBXFileReference; fileEncoding = 4; lastKnownFileType = sourcecode.cpp.cpp; name = CSensor.cpp; path = ../../Classes/CSensor.cpp; sourceTree = "<group>"; };
		54DFBE6C17DB747800B006F3 /* CSensor.h */ = {isa = PBXFileReference; fileEncoding = 4; lastKnownFileType = sourcecode.c.h; name = CSensor.h; path = ../../Classes/CSensor.h; sourceTree = "<group>"; };
		54DFBE6D17DB747800B006F3 /* CSingleton.cpp */ = {isa = PBXFileReference; fileEncoding = 4; lastKnownFileType = sourcecode.cpp.cpp; name = CSingleton.cpp; path = ../../Classes/CSingleton.cpp; sourceTree = "<group>"; };
		54DFBE6E17DB747800B006F3 /* CSingleton.h */ = {isa = PBXFileReference; fileEncoding = 4; lastKnownFileType = sourcecode.c.h; name = CSingleton.h; path = ../../Classes/CSingleton.h; sourceTree = "<group>"; };
		54DFBE7117DB747800B006F3 /* CSoldierBuildTask.cpp */ = {isa = PBXFileReference; fileEncoding = 4; lastKnownFileType = sourcecode.cpp.cpp; name = CSoldierBuildTask.cpp; path = ../../Classes/CSoldierBuildTask.cpp; sourceTree = "<group>"; };
		54DFBE7217DB747800B006F3 /* CSoldierBuildTask.h */ = {isa = PBXFileReference; fileEncoding = 4; lastKnownFileType = sourcecode.c.h; name = CSoldierBuildTask.h; path = ../../Classes/CSoldierBuildTask.h; sourceTree = "<group>"; };
		54DFBE7517DB747800B006F3 /* CSpriteActionDelegate.h */ = {isa = PBXFileReference; fileEncoding = 4; lastKnownFileType = sourcecode.c.h; name = CSpriteActionDelegate.h; path = ../../Classes/CSpriteActionDelegate.h; sourceTree = "<group>"; };
		54DFBE7617DB747800B006F3 /* CSpriteObject.cpp */ = {isa = PBXFileReference; fileEncoding = 4; lastKnownFileType = sourcecode.cpp.cpp; name = CSpriteObject.cpp; path = ../../Classes/CSpriteObject.cpp; sourceTree = "<group>"; };
		54DFBE7717DB747800B006F3 /* CSpriteObject.h */ = {isa = PBXFileReference; fileEncoding = 4; lastKnownFileType = sourcecode.c.h; name = CSpriteObject.h; path = ../../Classes/CSpriteObject.h; sourceTree = "<group>"; };
		54DFBE7817DB747800B006F3 /* CState.cpp */ = {isa = PBXFileReference; fileEncoding = 4; lastKnownFileType = sourcecode.cpp.cpp; name = CState.cpp; path = ../../Classes/CState.cpp; sourceTree = "<group>"; };
		54DFBE7917DB747800B006F3 /* CState.h */ = {isa = PBXFileReference; fileEncoding = 4; lastKnownFileType = sourcecode.c.h; name = CState.h; path = ../../Classes/CState.h; sourceTree = "<group>"; };
		54DFBE7A17DB747800B006F3 /* CTouchesLayer.cpp */ = {isa = PBXFileReference; fileEncoding = 4; lastKnownFileType = sourcecode.cpp.cpp; name = CTouchesLayer.cpp; path = ../../Classes/CTouchesLayer.cpp; sourceTree = "<group>"; };
		54DFBE7B17DB747800B006F3 /* CTouchesLayer.h */ = {isa = PBXFileReference; fileEncoding = 4; lastKnownFileType = sourcecode.c.h; name = CTouchesLayer.h; path = ../../Classes/CTouchesLayer.h; sourceTree = "<group>"; };
		54DFBE7E17DB747800B006F3 /* CTransitLayer.cpp */ = {isa = PBXFileReference; fileEncoding = 4; lastKnownFileType = sourcecode.cpp.cpp; name = CTransitLayer.cpp; path = ../../Classes/CTransitLayer.cpp; sourceTree = "<group>"; };
		54DFBE7F17DB747800B006F3 /* CTransitLayer.h */ = {isa = PBXFileReference; fileEncoding = 4; lastKnownFileType = sourcecode.c.h; name = CTransitLayer.h; path = ../../Classes/CTransitLayer.h; sourceTree = "<group>"; };
		54DFBE8017DB747800B006F3 /* CVisibleObject.cpp */ = {isa = PBXFileReference; fileEncoding = 4; lastKnownFileType = sourcecode.cpp.cpp; name = CVisibleObject.cpp; path = ../../Classes/CVisibleObject.cpp; sourceTree = "<group>"; };
		54DFBE8117DB747800B006F3 /* CVisibleObject.h */ = {isa = PBXFileReference; fileEncoding = 4; lastKnownFileType = sourcecode.c.h; name = CVisibleObject.h; path = ../../Classes/CVisibleObject.h; sourceTree = "<group>"; };
		54DFBE8217DB747800B006F3 /* CWarriorRole.cpp */ = {isa = PBXFileReference; fileEncoding = 4; lastKnownFileType = sourcecode.cpp.cpp; name = CWarriorRole.cpp; path = ../../Classes/CWarriorRole.cpp; sourceTree = "<group>"; };
		54DFBE8317DB747800B006F3 /* CWarriorRole.h */ = {isa = PBXFileReference; fileEncoding = 4; lastKnownFileType = sourcecode.c.h; name = CWarriorRole.h; path = ../../Classes/CWarriorRole.h; sourceTree = "<group>"; };
		54DFBE8417DB747800B006F3 /* DTLevel.h */ = {isa = PBXFileReference; fileEncoding = 4; lastKnownFileType = sourcecode.c.h; name = DTLevel.h; path = ../../Classes/DTLevel.h; sourceTree = "<group>"; };
		54DFBE8517DB747800B006F3 /* DTScene.h */ = {isa = PBXFileReference; fileEncoding = 4; lastKnownFileType = sourcecode.c.h; name = DTScene.h; path = ../../Classes/DTScene.h; sourceTree = "<group>"; };
		54DFBE8617DB747800B006F3 /* DTUnit.h */ = {isa = PBXFileReference; fileEncoding = 4; lastKnownFileType = sourcecode.c.h; name = DTUnit.h; path = ../../Classes/DTUnit.h; sourceTree = "<group>"; };
		54DFBE8917DB747900B006F3 /* TFCollisionMgr.cpp */ = {isa = PBXFileReference; fileEncoding = 4; lastKnownFileType = sourcecode.cpp.cpp; name = TFCollisionMgr.cpp; path = ../../Classes/TFCollisionMgr.cpp; sourceTree = "<group>"; };
		54DFBE8A17DB747900B006F3 /* TFCollisionMgr.h */ = {isa = PBXFileReference; fileEncoding = 4; lastKnownFileType = sourcecode.c.h; name = TFCollisionMgr.h; path = ../../Classes/TFCollisionMgr.h; sourceTree = "<group>"; };
		54DFBE8B17DB747900B006F3 /* TFCollisionProtocol.cpp */ = {isa = PBXFileReference; fileEncoding = 4; lastKnownFileType = sourcecode.cpp.cpp; name = TFCollisionProtocol.cpp; path = ../../Classes/TFCollisionProtocol.cpp; sourceTree = "<group>"; };
		54DFBE8C17DB747900B006F3 /* TFCollisionProtocol.h */ = {isa = PBXFileReference; fileEncoding = 4; lastKnownFileType = sourcecode.c.h; name = TFCollisionProtocol.h; path = ../../Classes/TFCollisionProtocol.h; sourceTree = "<group>"; };
		54DFBE8F17DB747900B006F3 /* CHPBar.cpp */ = {isa = PBXFileReference; fileEncoding = 4; lastKnownFileType = sourcecode.cpp.cpp; name = CHPBar.cpp; path = ../../Classes/CHPBar.cpp; sourceTree = "<group>"; };
		54DFBE9017DB747900B006F3 /* CHPBar.h */ = {isa = PBXFileReference; fileEncoding = 4; lastKnownFileType = sourcecode.c.h; name = CHPBar.h; path = ../../Classes/CHPBar.h; sourceTree = "<group>"; };
		54DFBE9517DB747900B006F3 /* TFPListReaderHelper.cpp */ = {isa = PBXFileReference; fileEncoding = 4; lastKnownFileType = sourcecode.cpp.cpp; name = TFPListReaderHelper.cpp; path = ../../Classes/TFPListReaderHelper.cpp; sourceTree = "<group>"; };
		54DFBE9617DB747900B006F3 /* TFPListReaderHelper.h */ = {isa = PBXFileReference; fileEncoding = 4; lastKnownFileType = sourcecode.c.h; name = TFPListReaderHelper.h; path = ../../Classes/TFPListReaderHelper.h; sourceTree = "<group>"; };
		54DFBE9717DB747900B006F3 /* UtilityFunction.cpp */ = {isa = PBXFileReference; fileEncoding = 4; lastKnownFileType = sourcecode.cpp.cpp; name = UtilityFunction.cpp; path = ../../Classes/UtilityFunction.cpp; sourceTree = "<group>"; };
		54DFBE9817DB747900B006F3 /* UtilityFunction.h */ = {isa = PBXFileReference; fileEncoding = 4; lastKnownFileType = sourcecode.c.h; name = UtilityFunction.h; path = ../../Classes/UtilityFunction.h; sourceTree = "<group>"; };
		54DFBEDF17DB77CC00B006F3 /* Info.plist */ = {isa = PBXFileReference; fileEncoding = 4; lastKnownFileType = text.plist.xml; path = Info.plist; sourceTree = SOURCE_ROOT; };
		54EBA2DC18373256009A67E9 /* libjansson.a */ = {isa = PBXFileReference; lastKnownFileType = archive.ar; name = libjansson.a; path = ../../libpomelo/lib/libjansson.a; sourceTree = "<group>"; };
		54EBA2DD18373256009A67E9 /* libpomelo.a */ = {isa = PBXFileReference; lastKnownFileType = archive.ar; name = libpomelo.a; path = ../../libpomelo/lib/libpomelo.a; sourceTree = "<group>"; };
		54EBA2DE18373256009A67E9 /* libuv.a */ = {isa = PBXFileReference; lastKnownFileType = archive.ar; name = libuv.a; path = ../../libpomelo/lib/libuv.a; sourceTree = "<group>"; };
/* End PBXFileReference section */

/* Begin PBXFrameworksBuildPhase section */
		54607B6F1760D96400108571 /* Frameworks */ = {
			isa = PBXFrameworksBuildPhase;
			buildActionMask = 2147483647;
			files = (
				5400250D1838A40A009525AD /* libcocos2dx iOS.a in Frameworks */,
				5400250E1838A40A009525AD /* libcocos2dx-extensions iOS.a in Frameworks */,
				5400250F1838A40A009525AD /* libCocosDenshion iOS.a in Frameworks */,
				54EBA2DF18373256009A67E9 /* libjansson.a in Frameworks */,
				54EBA2E018373256009A67E9 /* libpomelo.a in Frameworks */,
				54EBA2E118373256009A67E9 /* libuv.a in Frameworks */,
				54607B761760D96400108571 /* QuartzCore.framework in Frameworks */,
				54607B781760D96400108571 /* OpenGLES.framework in Frameworks */,
				54607B7A1760D96400108571 /* OpenAL.framework in Frameworks */,
				54607B7C1760D96400108571 /* AudioToolbox.framework in Frameworks */,
				54607B7E1760D96400108571 /* AVFoundation.framework in Frameworks */,
				54607B801760D96400108571 /* UIKit.framework in Frameworks */,
				54607B821760D96400108571 /* Foundation.framework in Frameworks */,
				54607B841760D96400108571 /* CoreGraphics.framework in Frameworks */,
			);
			runOnlyForDeploymentPostprocessing = 0;
		};
/* End PBXFrameworksBuildPhase section */

/* Begin PBXGroup section */
		540025091838A3EF009525AD /* libcocos2dx */ = {
			isa = PBXGroup;
			children = (
				5400250A1838A40A009525AD /* libcocos2dx iOS.a */,
				5400250B1838A40A009525AD /* libcocos2dx-extensions iOS.a */,
				5400250C1838A40A009525AD /* libCocosDenshion iOS.a */,
			);
			name = libcocos2dx;
			sourceTree = "<group>";
		};
		5407D0CA17DC99570071A620 /* ccbi */ = {
			isa = PBXGroup;
			children = (
				54156FC1183CED1A007502A2 /* Login_layer.ccbi */,
				54467E0D1817F2680028B700 /* effect0.ccbi */,
				5411740E17E203FE0082E53C /* unit0.ccbi */,
				5411740F17E203FE0082E53C /* unit1.ccbi */,
				5411741017E203FE0082E53C /* unit2.ccbi */,
				5411741117E203FE0082E53C /* unit3.ccbi */,
				5411741217E203FE0082E53C /* unit4.ccbi */,
				5411741317E203FE0082E53C /* unit5.ccbi */,
				5411741417E203FE0082E53C /* unit6.ccbi */,
				5411741517E203FE0082E53C /* unit7.ccbi */,
				5411741617E203FE0082E53C /* unit8.ccbi */,
				5411741717E203FE0082E53C /* unit9.ccbi */,
				5411741817E203FE0082E53C /* unit10.ccbi */,
				5411741917E203FE0082E53C /* unit11.ccbi */,
				5407D0CD17DCCCEE0071A620 /* background_grid.ccbi */,
				5407D0CB17DCC5450071A620 /* formation_layer.ccbi */,
				5407D0C817DC994E0071A620 /* lobby_layer.ccbi */,
				54D0CD1A17DC742F0022A1E9 /* role_0.ccbi */,
			);
			name = ccbi;
			sourceTree = "<group>";
		};
		540B1EE31835C4DF001D6B74 /* Pomelo */ = {
			isa = PBXGroup;
			children = (
				540B1EF11835C4F5001D6B74 /* CCPomelo.cpp */,
				540B1EF21835C4F5001D6B74 /* CCPomelo.h */,
			);
			name = Pomelo;
			sourceTree = "<group>";
		};
		54467E0F1817F2890028B700 /* Effects */ = {
			isa = PBXGroup;
			children = (
				54467E101817F4040028B700 /* CGameEffect.cpp */,
				54467E111817F4040028B700 /* CGameEffect.h */,
			);
			name = Effects;
			sourceTree = "<group>";
		};
		54607B691760D96400108571 = {
			isa = PBXGroup;
			children = (
				54DFBD3017DB704300B006F3 /* Classes */,
				54607B861760D96400108571 /* Resources */,
				54607B9E1760D96400108571 /* ios */,
				54607B741760D96400108571 /* Frameworks */,
				54EBA2E218373288009A67E9 /* libpomelo */,
				540025091838A3EF009525AD /* libcocos2dx */,
				54607B731760D96400108571 /* Products */,
			);
			sourceTree = "<group>";
		};
		54607B731760D96400108571 /* Products */ = {
			isa = PBXGroup;
			children = (
				54607B721760D96400108571 /* GameX.app */,
			);
			name = Products;
			sourceTree = "<group>";
		};
		54607B741760D96400108571 /* Frameworks */ = {
			isa = PBXGroup;
			children = (
				54607B751760D96400108571 /* QuartzCore.framework */,
				54607B771760D96400108571 /* OpenGLES.framework */,
				54607B791760D96400108571 /* OpenAL.framework */,
				54607B7B1760D96400108571 /* AudioToolbox.framework */,
				54607B7D1760D96400108571 /* AVFoundation.framework */,
				54607B7F1760D96400108571 /* UIKit.framework */,
				54607B811760D96400108571 /* Foundation.framework */,
				54607B831760D96400108571 /* CoreGraphics.framework */,
			);
			name = Frameworks;
			sourceTree = "<group>";
		};
		54607B861760D96400108571 /* Resources */ = {
			isa = PBXGroup;
			children = (
				5407D0CA17DC99570071A620 /* ccbi */,
				54D0CD7217DC8E9A0022A1E9 /* Icons */,
				54D0CD6B17DC8BDB0022A1E9 /* Configs */,
				54D0CD4D17DC7C8A0022A1E9 /* resources-ipad */,
				54D0CD4E17DC7C8A0022A1E9 /* resources-ipadhd */,
				54D0CD4F17DC7C8A0022A1E9 /* resources-iphone */,
				54D0CD5017DC7C8A0022A1E9 /* resources-iphonehd */,
				54DFBEDF17DB77CC00B006F3 /* Info.plist */,
			);
			name = Resources;
			path = ../Resources.ios;
			sourceTree = "<group>";
		};
		54607B9E1760D96400108571 /* ios */ = {
			isa = PBXGroup;
			children = (
				54DFBAA117DB6FBE00B006F3 /* AppController.h */,
				54DFBAA217DB6FBE00B006F3 /* AppController.mm */,
				54DFBAA317DB6FBE00B006F3 /* main.m */,
				54DFBAA417DB6FBE00B006F3 /* RootViewController.h */,
				54DFBAA517DB6FBE00B006F3 /* RootViewController.mm */,
				54607E101760D96800108571 /* Prefix.pch */,
			);
			name = ios;
			path = Classes;
			sourceTree = "<group>";
		};
		54801F1918059DE600F3F68E /* UnitObjects */ = {
			isa = PBXGroup;
			children = (
				54801F1A18059E2A00F3F68E /* CWarriorUnit0.cpp */,
				54801F1B18059E2A00F3F68E /* CWarriorUnit0.h */,
				54801F1D1805A46800F3F68E /* CWarriorUnit1.cpp */,
				54801F1E1805A46800F3F68E /* CWarriorUnit1.h */,
				54801F1F1805A46800F3F68E /* CWarriorUnit2.cpp */,
				54801F201805A46800F3F68E /* CWarriorUnit2.h */,
			);
			name = UnitObjects;
			sourceTree = "<group>";
		};
		54D0CC3817DC5DE50022A1E9 /* cocos2dxExtensions */ = {
			isa = PBXGroup;
			children = (
			);
			name = cocos2dxExtensions;
			sourceTree = "<group>";
		};
		54D0CD6B17DC8BDB0022A1E9 /* Configs */ = {
			isa = PBXGroup;
			children = (
				54D0CD6C17DC8BF20022A1E9 /* BatchNodes.plist */,
				54D0CD6D17DC8BF20022A1E9 /* GameCollision.plist */,
			);
			name = Configs;
			sourceTree = "<group>";
		};
		54D0CD7217DC8E9A0022A1E9 /* Icons */ = {
			isa = PBXGroup;
			children = (
				54D0CD7317DC8EAA0022A1E9 /* Default.png */,
				54D0CD7517DC8EAA0022A1E9 /* Icon-72.png */,
				54D0CD7617DC8EAA0022A1E9 /* Icon-Small-50.png */,
				54D0CD7717DC8EAA0022A1E9 /* Icon-Small.png */,
				54D0CD7817DC8EAA0022A1E9 /* Icon-Small@2x.png */,
				54D0CD7917DC8EAA0022A1E9 /* Icon.png */,
				54D0CD7A17DC8EAA0022A1E9 /* Icon@2x.png */,
			);
			name = Icons;
			sourceTree = "<group>";
		};
		54D0CD8317DC8F730022A1E9 /* Manangers */ = {
			isa = PBXGroup;
			children = (
				54DFBE0A17DB747800B006F3 /* CAnimationCache.cpp */,
				54DFBE0B17DB747800B006F3 /* CAnimationCache.h */,
				54DFBE7117DB747800B006F3 /* CSoldierBuildTask.cpp */,
				54DFBE7217DB747800B006F3 /* CSoldierBuildTask.h */,
				54DFBE8917DB747900B006F3 /* TFCollisionMgr.cpp */,
				54DFBE8A17DB747900B006F3 /* TFCollisionMgr.h */,
				54DFBE8B17DB747900B006F3 /* TFCollisionProtocol.cpp */,
				54DFBE8C17DB747900B006F3 /* TFCollisionProtocol.h */,
				54DFBE4417DB747800B006F3 /* CGlobalConfigration.cpp */,
				54DFBE4517DB747800B006F3 /* CGlobalConfigration.h */,
				54DFBE3A17DB747800B006F3 /* CFormationManager.cpp */,
				54DFBE3B17DB747800B006F3 /* CFormationManager.h */,
				54DFBE3617DB747800B006F3 /* CFightingRelationship.cpp */,
				54DFBE3717DB747800B006F3 /* CFightingRelationship.h */,
				54DFBE1C17DB747800B006F3 /* CBatchNodeManager.cpp */,
				54DFBE1D17DB747800B006F3 /* CBatchNodeManager.h */,
				54DFBE3017DB747800B006F3 /* CDataCenterManager.cpp */,
				54DFBE3117DB747800B006F3 /* CDataCenterManager.h */,
				54DFBE4017DB747800B006F3 /* CGameSceneManager.cpp */,
				54DFBE4117DB747800B006F3 /* CGameSceneManager.h */,
				54DFBE6117DB747800B006F3 /* CPathFinderManager.cpp */,
				54DFBE6217DB747800B006F3 /* CPathFinderManager.h */,
				54DFBE6317DB747800B006F3 /* CPathManager.cpp */,
				54DFBE6417DB747800B006F3 /* CPathManager.h */,
				54DFBE1017DB747800B006F3 /* CBackgroundManager.cpp */,
				54DFBE1117DB747800B006F3 /* CBackgroundManager.h */,
				540E5BB51803B73E003C7510 /* CBattleFiledManager.cpp */,
				540E5BB61803B73E003C7510 /* CBattleFiledManager.h */,
				549FC92B1816123E000319A0 /* CTimeProfile.cpp */,
				549FC92C1816123E000319A0 /* CTimeProfile.h */,
				5482A56C181CEF5800D1B668 /* CEffectManager.cpp */,
				5482A56D181CEF5800D1B668 /* CEffectManager.h */,
			);
			name = Manangers;
			sourceTree = "<group>";
		};
		54D0CD8417DC90DE0022A1E9 /* GameObjects */ = {
			isa = PBXGroup;
			children = (
				54467E0F1817F2890028B700 /* Effects */,
				54801F1918059DE600F3F68E /* UnitObjects */,
				54D0CD8617DC91070022A1E9 /* Components */,
				54D0CD8517DC90FE0022A1E9 /* BaseClasses */,
				54DFBE2A17DB747800B006F3 /* CCircleSensor.cpp */,
				54DFBE2B17DB747800B006F3 /* CCircleSensor.h */,
				54DFBE5F17DB747800B006F3 /* CPath.cpp */,
				54DFBE6017DB747800B006F3 /* CPath.h */,
				54DFBE8F17DB747900B006F3 /* CHPBar.cpp */,
				54DFBE9017DB747900B006F3 /* CHPBar.h */,
			);
			name = GameObjects;
			sourceTree = "<group>";
		};
		54D0CD8517DC90FE0022A1E9 /* BaseClasses */ = {
			isa = PBXGroup;
			children = (
				54DFBE7517DB747800B006F3 /* CSpriteActionDelegate.h */,
				54DFBE6717DB747800B006F3 /* CRole.cpp */,
				54DFBE6817DB747800B006F3 /* CRole.h */,
				54DFBE6B17DB747800B006F3 /* CSensor.cpp */,
				54DFBE6C17DB747800B006F3 /* CSensor.h */,
				54DFBE7617DB747800B006F3 /* CSpriteObject.cpp */,
				54DFBE7717DB747800B006F3 /* CSpriteObject.h */,
				54DFBE7817DB747800B006F3 /* CState.cpp */,
				54DFBE7917DB747800B006F3 /* CState.h */,
				54DFBE8017DB747800B006F3 /* CVisibleObject.cpp */,
				54DFBE8117DB747800B006F3 /* CVisibleObject.h */,
				54DFBE8217DB747800B006F3 /* CWarriorRole.cpp */,
				54DFBE8317DB747800B006F3 /* CWarriorRole.h */,
				54DFBE5817DB747800B006F3 /* CNodeContainer.cpp */,
				54DFBE5917DB747800B006F3 /* CNodeContainer.h */,
				54DFBE5A17DB747800B006F3 /* CObjectBase.cpp */,
				54DFBE5B17DB747800B006F3 /* CObjectBase.h */,
				54DFBE5C17DB747800B006F3 /* CObjectFactory.cpp */,
				54DFBE5D17DB747800B006F3 /* CObjectFactory.h */,
				54DFBE1E17DB747800B006F3 /* CBatchNodeObject.cpp */,
				54DFBE1F17DB747800B006F3 /* CBatchNodeObject.h */,
				54DFBE6917DB747800B006F3 /* CScale9SpriteObject.cpp */,
				54DFBE6A17DB747800B006F3 /* CScale9SpriteObject.h */,
				5435A2621816CA85009B4D81 /* ICCBAnimationDelegate.h */,
			);
			name = BaseClasses;
			sourceTree = "<group>";
		};
		54D0CD8617DC91070022A1E9 /* Components */ = {
			isa = PBXGroup;
			children = (
				5482A566181CEDC800D1B668 /* CSkillMarineGunAttack.cpp */,
				5482A567181CEDC900D1B668 /* CSkillMarineGunAttack.h */,
				5482A568181CEDC900D1B668 /* CSkillMeleeAttack.cpp */,
				5482A569181CEDC900D1B668 /* CSkillMeleeAttack.h */,
				5411742C17E5B5750082E53C /* CMoveOnGridComp.cpp */,
				5411742D17E5B5750082E53C /* CMoveOnGridComp.h */,
				544F90A718064AFC0049139F /* CSkillComp.cpp */,
				544F90A818064AFC0049139F /* CSkillComp.h */,
				544F90AA18064B200049139F /* CWarriorRoleCompBase.cpp */,
				544F90AB18064B200049139F /* CWarriorRoleCompBase.h */,
				540E4CAA180ED184000BA7D4 /* CWarriorDyingComp.cpp */,
				540E4CAB180ED184000BA7D4 /* CWarriorDyingComp.h */,
			);
			name = Components;
			sourceTree = "<group>";
		};
		54D0CD8717DC91630022A1E9 /* Layers */ = {
			isa = PBXGroup;
			children = (
				54DFBE2617DB747800B006F3 /* CCControlToggleButton.cpp */,
				54DFBE2717DB747800B006F3 /* CCControlToggleButton.h */,
				54DFBE7A17DB747800B006F3 /* CTouchesLayer.cpp */,
				54DFBE7B17DB747800B006F3 /* CTouchesLayer.h */,
				54DFBE7E17DB747800B006F3 /* CTransitLayer.cpp */,
				54DFBE7F17DB747800B006F3 /* CTransitLayer.h */,
				54DFBE3817DB747800B006F3 /* CFormationLayer.cpp */,
				54DFBE3917DB747800B006F3 /* CFormationLayer.h */,
				54DFBE3C17DB747800B006F3 /* CFormationPanelLayer.cpp */,
				54DFBE3D17DB747800B006F3 /* CFormationPanelLayer.h */,
				54DFBE3E17DB747800B006F3 /* CGamePanelLayer.cpp */,
				54DFBE3F17DB747800B006F3 /* CGamePanelLayer.h */,
				54DFBE4817DB747800B006F3 /* CHudLayer.cpp */,
				54DFBE4917DB747800B006F3 /* CHudLayer.h */,
				54DFBE4A17DB747800B006F3 /* CLobbyLayer.cpp */,
				54DFBE4B17DB747800B006F3 /* CLobbyLayer.h */,
				54DFBE2017DB747800B006F3 /* CBattleFieldLayer.cpp */,
				54DFBE2117DB747800B006F3 /* CBattleFieldLayer.h */,
				54DFBE1A17DB747800B006F3 /* CBaseLayer.cpp */,
				54DFBE1B17DB747800B006F3 /* CBaseLayer.h */,
				5497E89F1800492100544B86 /* CBkgLayerBase.cpp */,
				5497E8A01800492100544B86 /* CBkgLayerBase.h */,
				54156FBE183CDE8D007502A2 /* CLoginLayer.cpp */,
				54156FBF183CDE8D007502A2 /* CLoginLayer.h */,
			);
			name = Layers;
			sourceTree = "<group>";
		};
		54D0CD8817DC92030022A1E9 /* DTs */ = {
			isa = PBXGroup;
			children = (
				5482A570181D041300D1B668 /* DTEffect.h */,
				549C19D01806F9D500649BD3 /* DTSkill.h */,
				54DFBE8417DB747800B006F3 /* DTLevel.h */,
				54DFBE8517DB747800B006F3 /* DTScene.h */,
				54DFBE8617DB747800B006F3 /* DTUnit.h */,
			);
			name = DTs;
			sourceTree = "<group>";
		};
		54D0CD8917DC94060022A1E9 /* Common */ = {
			isa = PBXGroup;
			children = (
				54DFBE4217DB747800B006F3 /* CGameTime.cpp */,
				54DFBE4317DB747800B006F3 /* CGameTime.h */,
				54DFBE4E17DB747800B006F3 /* CMemPool.cpp */,
				54DFBE4F17DB747800B006F3 /* CMemPool.h */,
				54DFBE5E17DB747800B006F3 /* Common.h */,
				54DFBE6D17DB747800B006F3 /* CSingleton.cpp */,
				54DFBE6E17DB747800B006F3 /* CSingleton.h */,
				54DFBE9517DB747900B006F3 /* TFPListReaderHelper.cpp */,
				54DFBE9617DB747900B006F3 /* TFPListReaderHelper.h */,
				54DFBE9717DB747900B006F3 /* UtilityFunction.cpp */,
				54DFBE9817DB747900B006F3 /* UtilityFunction.h */,
			);
			name = Common;
			sourceTree = "<group>";
		};
		54DFBD3017DB704300B006F3 /* Classes */ = {
			isa = PBXGroup;
			children = (
				540B1EE31835C4DF001D6B74 /* Pomelo */,
				54D0CD8917DC94060022A1E9 /* Common */,
				54D0CD8817DC92030022A1E9 /* DTs */,
				54D0CD8717DC91630022A1E9 /* Layers */,
				54D0CD8417DC90DE0022A1E9 /* GameObjects */,
				54D0CD8317DC8F730022A1E9 /* Manangers */,
				54D0CC3817DC5DE50022A1E9 /* cocos2dxExtensions */,
				54DFBE0817DB747800B006F3 /* AppDelegate.cpp */,
				54DFBE0917DB747800B006F3 /* AppDelegate.h */,
			);
			path = Classes;
			sourceTree = "<group>";
		};
		54EBA2E218373288009A67E9 /* libpomelo */ = {
			isa = PBXGroup;
			children = (
				54EBA2DC18373256009A67E9 /* libjansson.a */,
				54EBA2DD18373256009A67E9 /* libpomelo.a */,
				54EBA2DE18373256009A67E9 /* libuv.a */,
			);
			name = libpomelo;
			sourceTree = "<group>";
		};
/* End PBXGroup section */

/* Begin PBXNativeTarget section */
		54607B711760D96400108571 /* GameX */ = {
			isa = PBXNativeTarget;
			buildConfigurationList = 54607E1A1760D96800108571 /* Build configuration list for PBXNativeTarget "GameX" */;
			buildPhases = (
				54607B6E1760D96400108571 /* Sources */,
				54607B6F1760D96400108571 /* Frameworks */,
				54607B701760D96400108571 /* Resources */,
				54CB9E60182F823E0035659B /* ShellScript */,
			);
			buildRules = (
			);
			dependencies = (
			);
			name = GameX;
			productName = GameX;
			productReference = 54607B721760D96400108571 /* GameX.app */;
			productType = "com.apple.product-type.application";
		};
/* End PBXNativeTarget section */

/* Begin PBXProject section */
		54607B6A1760D96400108571 /* Project object */ = {
			isa = PBXProject;
			attributes = {
				LastUpgradeCheck = 0460;
			};
			buildConfigurationList = 54607B6D1760D96400108571 /* Build configuration list for PBXProject "GameX" */;
			compatibilityVersion = "Xcode 3.2";
			developmentRegion = English;
			hasScannedForEncodings = 0;
			knownRegions = (
				en,
			);
			mainGroup = 54607B691760D96400108571;
			productRefGroup = 54607B731760D96400108571 /* Products */;
			projectDirPath = "";
			projectRoot = "";
			targets = (
				54607B711760D96400108571 /* GameX */,
			);
		};
/* End PBXProject section */

/* Begin PBXResourcesBuildPhase section */
		54607B701760D96400108571 /* Resources */ = {
			isa = PBXResourcesBuildPhase;
			buildActionMask = 2147483647;
			files = (
				54DFBEE017DB77CC00B006F3 /* Info.plist in Resources */,
				54D0CD4B17DC742F0022A1E9 /* role_0.ccbi in Resources */,
				54D0CD5117DC7C8A0022A1E9 /* resources-ipad in Resources */,
				54D0CD5217DC7C8A0022A1E9 /* resources-ipadhd in Resources */,
				54D0CD5317DC7C8A0022A1E9 /* resources-iphone in Resources */,
				54D0CD5417DC7C8A0022A1E9 /* resources-iphonehd in Resources */,
				54D0CD6F17DC8BF20022A1E9 /* BatchNodes.plist in Resources */,
				54D0CD7017DC8BF20022A1E9 /* GameCollision.plist in Resources */,
				54D0CD7B17DC8EAA0022A1E9 /* Default.png in Resources */,
				54D0CD7D17DC8EAA0022A1E9 /* Icon-72.png in Resources */,
				54D0CD7E17DC8EAA0022A1E9 /* Icon-Small-50.png in Resources */,
				54D0CD7F17DC8EAA0022A1E9 /* Icon-Small.png in Resources */,
				54D0CD8017DC8EAA0022A1E9 /* Icon-Small@2x.png in Resources */,
				54D0CD8117DC8EAA0022A1E9 /* Icon.png in Resources */,
				54D0CD8217DC8EAA0022A1E9 /* Icon@2x.png in Resources */,
				5407D0C917DC994E0071A620 /* lobby_layer.ccbi in Resources */,
				5407D0CC17DCC5450071A620 /* formation_layer.ccbi in Resources */,
				5407D0CE17DCCCEE0071A620 /* background_grid.ccbi in Resources */,
				5411741A17E203FE0082E53C /* unit0.ccbi in Resources */,
				5411741B17E203FE0082E53C /* unit1.ccbi in Resources */,
				5411741C17E203FE0082E53C /* unit2.ccbi in Resources */,
				5411741D17E203FE0082E53C /* unit3.ccbi in Resources */,
				5411741E17E203FE0082E53C /* unit4.ccbi in Resources */,
				5411741F17E203FE0082E53C /* unit5.ccbi in Resources */,
				5411742017E203FE0082E53C /* unit6.ccbi in Resources */,
				5411742117E203FE0082E53C /* unit7.ccbi in Resources */,
				5411742217E203FE0082E53C /* unit8.ccbi in Resources */,
				5411742317E203FE0082E53C /* unit9.ccbi in Resources */,
				5411742417E203FE0082E53C /* unit10.ccbi in Resources */,
				5411742517E203FE0082E53C /* unit11.ccbi in Resources */,
				54467E0E1817F2680028B700 /* effect0.ccbi in Resources */,
				54156FC2183CED1A007502A2 /* Login_layer.ccbi in Resources */,
			);
			runOnlyForDeploymentPostprocessing = 0;
		};
/* End PBXResourcesBuildPhase section */

/* Begin PBXShellScriptBuildPhase section */
		54CB9E60182F823E0035659B /* ShellScript */ = {
			isa = PBXShellScriptBuildPhase;
			buildActionMask = 2147483647;
			files = (
			);
			inputPaths = (
			);
			outputPaths = (
			);
			runOnlyForDeploymentPostprocessing = 0;
			shellPath = /bin/sh;
			shellScript = "";
		};
/* End PBXShellScriptBuildPhase section */

/* Begin PBXSourcesBuildPhase section */
		54607B6E1760D96400108571 /* Sources */ = {
			isa = PBXSourcesBuildPhase;
			buildActionMask = 2147483647;
			files = (
				54DFBAA617DB6FBE00B006F3 /* AppController.mm in Sources */,
				54DFBAA717DB6FBE00B006F3 /* main.m in Sources */,
				54DFBAA817DB6FBE00B006F3 /* RootViewController.mm in Sources */,
				54DFBE9917DB747900B006F3 /* AppDelegate.cpp in Sources */,
				54DFBE9A17DB747900B006F3 /* CAnimationCache.cpp in Sources */,
				54DFBE9D17DB747900B006F3 /* CBackgroundManager.cpp in Sources */,
				54DFBEA217DB747900B006F3 /* CBaseLayer.cpp in Sources */,
				54DFBEA317DB747900B006F3 /* CBatchNodeManager.cpp in Sources */,
				54DFBEA417DB747900B006F3 /* CBatchNodeObject.cpp in Sources */,
				54DFBEA517DB747900B006F3 /* CBattleFieldLayer.cpp in Sources */,
				54DFBEA817DB747900B006F3 /* CCControlToggleButton.cpp in Sources */,
				54DFBEAA17DB747900B006F3 /* CCircleSensor.cpp in Sources */,
				54DFBEAD17DB747900B006F3 /* CDataCenterManager.cpp in Sources */,
				54DFBEB017DB747900B006F3 /* CFightingRelationship.cpp in Sources */,
				54DFBEB117DB747900B006F3 /* CFormationLayer.cpp in Sources */,
				54DFBEB217DB747900B006F3 /* CFormationManager.cpp in Sources */,
				54DFBEB317DB747900B006F3 /* CFormationPanelLayer.cpp in Sources */,
				54DFBEB417DB747900B006F3 /* CGamePanelLayer.cpp in Sources */,
				54DFBEB517DB747900B006F3 /* CGameSceneManager.cpp in Sources */,
				54DFBEB617DB747900B006F3 /* CGameTime.cpp in Sources */,
				54DFBEB717DB747900B006F3 /* CGlobalConfigration.cpp in Sources */,
				54DFBEB917DB747900B006F3 /* CHudLayer.cpp in Sources */,
				54DFBEBA17DB747900B006F3 /* CLobbyLayer.cpp in Sources */,
				54DFBEBC17DB747900B006F3 /* CMemPool.cpp in Sources */,
				54DFBEC117DB747900B006F3 /* CNodeContainer.cpp in Sources */,
				54DFBEC217DB747900B006F3 /* CObjectBase.cpp in Sources */,
				54DFBEC317DB747900B006F3 /* CObjectFactory.cpp in Sources */,
				54DFBEC417DB747900B006F3 /* CPath.cpp in Sources */,
				54DFBEC517DB747900B006F3 /* CPathFinderManager.cpp in Sources */,
				54DFBEC617DB747900B006F3 /* CPathManager.cpp in Sources */,
				54DFBEC817DB747900B006F3 /* CRole.cpp in Sources */,
				54DFBEC917DB747900B006F3 /* CScale9SpriteObject.cpp in Sources */,
				54DFBECA17DB747900B006F3 /* CSensor.cpp in Sources */,
				54DFBECB17DB747900B006F3 /* CSingleton.cpp in Sources */,
				54DFBECD17DB747900B006F3 /* CSoldierBuildTask.cpp in Sources */,
				54DFBECF17DB747900B006F3 /* CSpriteObject.cpp in Sources */,
				54DFBED017DB747900B006F3 /* CState.cpp in Sources */,
				54DFBED117DB747900B006F3 /* CTouchesLayer.cpp in Sources */,
				54DFBED317DB747900B006F3 /* CTransitLayer.cpp in Sources */,
				54DFBED417DB747900B006F3 /* CVisibleObject.cpp in Sources */,
				54DFBED517DB747900B006F3 /* CWarriorRole.cpp in Sources */,
				54DFBED717DB747900B006F3 /* TFCollisionMgr.cpp in Sources */,
				54DFBED817DB747900B006F3 /* TFCollisionProtocol.cpp in Sources */,
				54DFBEDA17DB747900B006F3 /* CHPBar.cpp in Sources */,
				54DFBEDD17DB747900B006F3 /* TFPListReaderHelper.cpp in Sources */,
				54DFBEDE17DB747900B006F3 /* UtilityFunction.cpp in Sources */,
				5411742E17E5B5750082E53C /* CMoveOnGridComp.cpp in Sources */,
				5497E8A11800492100544B86 /* CBkgLayerBase.cpp in Sources */,
				540E5BB71803B73F003C7510 /* CBattleFiledManager.cpp in Sources */,
				54801F1C18059E2A00F3F68E /* CWarriorUnit0.cpp in Sources */,
				54801F211805A46800F3F68E /* CWarriorUnit1.cpp in Sources */,
				54801F221805A46800F3F68E /* CWarriorUnit2.cpp in Sources */,
				544F90A918064AFC0049139F /* CSkillComp.cpp in Sources */,
				544F90AC18064B200049139F /* CWarriorRoleCompBase.cpp in Sources */,
				540E4CAC180ED184000BA7D4 /* CWarriorDyingComp.cpp in Sources */,
				549FC92D1816123E000319A0 /* CTimeProfile.cpp in Sources */,
				54467E121817F4040028B700 /* CGameEffect.cpp in Sources */,
				5482A56A181CEDC900D1B668 /* CSkillMarineGunAttack.cpp in Sources */,
				5482A56B181CEDC900D1B668 /* CSkillMeleeAttack.cpp in Sources */,
				5482A56E181CEF5800D1B668 /* CEffectManager.cpp in Sources */,
				540B1EF31835C4F5001D6B74 /* CCPomelo.cpp in Sources */,
				54156FC0183CDE8D007502A2 /* CLoginLayer.cpp in Sources */,
			);
			runOnlyForDeploymentPostprocessing = 0;
		};
/* End PBXSourcesBuildPhase section */

/* Begin XCBuildConfiguration section */
		54607E181760D96800108571 /* Debug */ = {
			isa = XCBuildConfiguration;
			buildSettings = {
				ARCHS = "$(ARCHS_STANDARD_32_BIT)";
				CLANG_CXX_LANGUAGE_STANDARD = "c++0x";
				CLANG_CXX_LIBRARY = "libc++";
				"CODE_SIGN_IDENTITY[sdk=iphoneos*]" = "iPhone Developer";
				GCC_C_LANGUAGE_STANDARD = c99;
				GCC_OPTIMIZATION_LEVEL = 0;
				GCC_PREPROCESSOR_DEFINITIONS = (
					DEBUG,
					"COCOS2D_DEBUG=1",
					USE_FILE32API,
					TARGET_OS_IPHONE,
				);
				GCC_SYMBOLS_PRIVATE_EXTERN = YES;
				GCC_WARN_ABOUT_RETURN_TYPE = YES;
				GCC_WARN_UNUSED_VARIABLE = YES;
				HEADER_SEARCH_PATHS = (
					"\"$(PROJECT_NAME)/libs/cocos2dx/kazmath/include\"",
					"\"$(PROJECT_NAME)/libs/cocos2dx\"",
					"\"$(PROJECT_NAME)/libs/CocosDenshion/include\"",
					"\"$(SDKROOT)/usr/include/libxml2\"",
					"\"$(PROJECT_NAME)/libs/cocos2dx/include\"",
					"\"$(PROJECT_NAME)/libs/cocos2dx/platform/third_party/ios\"",
					"\"$(PROJECT_NAME)/libs/cocos2dx/platform/ios\"",
				);
				IPHONEOS_DEPLOYMENT_TARGET = 5.0;
				ONLY_ACTIVE_ARCH = YES;
				SDKROOT = iphoneos;
				TARGETED_DEVICE_FAMILY = "1,2";
				VALID_ARCHS = "armv7 armv7s";
			};
			name = Debug;
		};
		54607E191760D96800108571 /* Release */ = {
			isa = XCBuildConfiguration;
			buildSettings = {
				ARCHS = "$(ARCHS_STANDARD_32_BIT)";
				CLANG_CXX_LANGUAGE_STANDARD = "c++0x";
				CLANG_CXX_LIBRARY = "libc++";
				"CODE_SIGN_IDENTITY[sdk=iphoneos*]" = "iPhone Developer";
				GCC_C_LANGUAGE_STANDARD = c99;
				GCC_PREPROCESSOR_DEFINITIONS = (
					NDEBUG,
					USE_FILE32API,
					TARGET_OS_IPHONE,
				);
				GCC_SYMBOLS_PRIVATE_EXTERN = YES;
				GCC_WARN_ABOUT_RETURN_TYPE = YES;
				GCC_WARN_UNUSED_VARIABLE = YES;
				HEADER_SEARCH_PATHS = (
					"\"$(PROJECT_NAME)/libs/cocos2dx/kazmath/include\"",
					"\"$(PROJECT_NAME)/libs/cocos2dx\"",
					"\"$(PROJECT_NAME)/libs/CocosDenshion/include\"",
					"\"$(SDKROOT)/usr/include/libxml2\"",
					"\"$(PROJECT_NAME)/libs/cocos2dx/include\"",
					"\"$(PROJECT_NAME)/libs/cocos2dx/platform/third_party/ios\"",
					"\"$(PROJECT_NAME)/libs/cocos2dx/platform/ios\"",
				);
				IPHONEOS_DEPLOYMENT_TARGET = 5.0;
				ONLY_ACTIVE_ARCH = YES;
				OTHER_CFLAGS = "-DNS_BLOCK_ASSERTIONS=1";
				SDKROOT = iphoneos;
				TARGETED_DEVICE_FAMILY = "1,2";
				VALID_ARCHS = "armv7 armv7s";
			};
			name = Release;
		};
		54607E1B1760D96800108571 /* Debug */ = {
			isa = XCBuildConfiguration;
			buildSettings = {
				ALWAYS_SEARCH_USER_PATHS = NO;
				CODE_SIGN_IDENTITY = "iPhone Developer";
				"CODE_SIGN_IDENTITY[sdk=iphoneos*]" = "iPhone Developer";
				COPY_PHASE_STRIP = NO;
				GCC_DYNAMIC_NO_PIC = NO;
				GCC_PRECOMPILE_PREFIX_HEADER = YES;
				GCC_PREFIX_HEADER = Prefix.pch;
				GCC_PREPROCESSOR_DEFINITIONS = (
					DEBUG,
					"COCOS2D_DEBUG=1",
					USE_FILE32API,
					CC_TARGET_OS_IPHONE,
				);
				GCC_SYMBOLS_PRIVATE_EXTERN = YES;
				"GCC_THUMB_SUPPORT[arch=armv6]" = "";
				HEADER_SEARCH_PATHS = (
					"\"$(SRCROOT)/../../libpomelo/include\"",
					"\"$(SRCROOT)/../../libpomelo/deps/jansson/src\"",
					"\"$(SRCROOT)/../../libpomelo/deps/uv/include\"",
					"\"$(SRCROOT)/../../cocos2d-x/CocosDenshion/include\"",
					"\"$(SRCROOT)/../../cocos2d-x/cocos2dx/kazmath/include\"",
					"\"$(SRCROOT)/../../cocos2d-x/cocos2dx\"",
					"\"$(SRCROOT)/../../cocos2d-x/cocos2dx/include\"",
					"\"$(SRCROOT)/../../cocos2d-x/cocos2dx/platform/third_party/ios\"",
					"\"$(SRCROOT)/../../cocos2d-x/cocos2dx/platform/ios\"",
					"\"$(SRCROOT)/../../cocos2d-x/cocos2dx/platform/ios/Simulation\"",
					"\"$(SDKROOT)/usr/include/libxml2\"",
					"\"$(SRCROOT)/../../cocos2d-x/external/libwebsockets/ios/include\"",
					"\"$(SRCROOT)/../../cocos2d-x/extensions",
				);
				INFOPLIST_FILE = "$(SRCROOT)/Info.plist";
				LIBRARY_SEARCH_PATHS = (
					"$(inherited)",
					"\"$(SRCROOT)/../../cocos2d-x/cocos2dx/platform/third_party/ios/libraries\"",
					"\"$(SRCROOT)/../../cocos2d-x/external/libwebsockets/ios/lib\"",
					"\"$(SRCROOT)/../../libpomelo/deps/jansson/build/Default-iphoneos\"",
					"\"$(SRCROOT)/../../libpomelo/deps/uv/build/Default-iphoneos\"",
					"\"$(SRCROOT)/../../libpomelo/lib\"",
					"\"$(SRCROOT)/../../cocos2d-x/libs\"",
				);
				OTHER_LDFLAGS = (
					"-lxml2",
					"-lz",
				);
				PRODUCT_NAME = "$(TARGET_NAME)";
				PROVISIONING_PROFILE = "";
				"PROVISIONING_PROFILE[sdk=iphoneos*]" = "";
				VALID_ARCHS = "armv7 armv7s";
				WRAPPER_EXTENSION = app;
			};
			name = Debug;
		};
		54607E1C1760D96800108571 /* Release */ = {
			isa = XCBuildConfiguration;
			buildSettings = {
				ALWAYS_SEARCH_USER_PATHS = NO;
				CODE_SIGN_IDENTITY = "iPhone Developer";
				"CODE_SIGN_IDENTITY[sdk=iphoneos*]" = "iPhone Developer";
				COPY_PHASE_STRIP = YES;
				GCC_PRECOMPILE_PREFIX_HEADER = YES;
				GCC_PREFIX_HEADER = Prefix.pch;
				GCC_PREPROCESSOR_DEFINITIONS = (
					NDEBUG,
					USE_FILE32API,
					CC_TARGET_OS_IPHONE,
				);
				"GCC_THUMB_SUPPORT[arch=armv6]" = "";
				HEADER_SEARCH_PATHS = (
					"\"$(SRCROOT)/../../libpomelo/include\"",
					"\"$(SRCROOT)/../../libpomelo/deps/jansson/src\"",
					"\"$(SRCROOT)/../../libpomelo/deps/uv/include\"",
					"\"$(SRCROOT)/../../cocos2d-x/CocosDenshion/include\"",
					"\"$(SRCROOT)/../../cocos2d-x/cocos2dx/kazmath/include\"",
					"\"$(SRCROOT)/../../cocos2d-x/cocos2dx\"",
					"\"$(SRCROOT)/../../cocos2d-x/cocos2dx/include\"",
					"\"$(SRCROOT)/../../cocos2d-x/cocos2dx/platform/third_party/ios\"",
					"\"$(SRCROOT)/../../cocos2d-x/cocos2dx/platform/ios\"",
					"\"$(SRCROOT)/../../cocos2d-x/cocos2dx/platform/ios/Simulation\"",
					"\"$(SDKROOT)/usr/include/libxml2\"",
					"\"$(SRCROOT)/../../cocos2d-x/external/libwebsockets/ios/include\"",
					"\"$(SRCROOT)/../../cocos2d-x/extensions",
				);
				INFOPLIST_FILE = "$(SRCROOT)/Info.plist";
				LIBRARY_SEARCH_PATHS = (
					"$(inherited)",
					"\"$(SRCROOT)/../../cocos2d-x/cocos2dx/platform/third_party/ios/libraries\"",
					"\"$(SRCROOT)/../../cocos2d-x/external/libwebsockets/ios/lib\"",
					"\"$(SRCROOT)/../../libpomelo/deps/jansson/build/Default-iphoneos\"",
					"\"$(SRCROOT)/../../libpomelo/deps/uv/build/Default-iphoneos\"",
					"\"$(SRCROOT)/../../libpomelo/lib\"",
					"\"$(SRCROOT)/../../cocos2d-x/libs\"",
				);
				OTHER_LDFLAGS = (
					"-lxml2",
					"-lz",
				);
				PRODUCT_NAME = "$(TARGET_NAME)";
				PROVISIONING_PROFILE = "";
				"PROVISIONING_PROFILE[sdk=iphoneos*]" = "";
				VALIDATE_PRODUCT = YES;
				VALID_ARCHS = "armv7 armv7s";
				WRAPPER_EXTENSION = app;
			};
			name = Release;
		};
/* End XCBuildConfiguration section */

/* Begin XCConfigurationList section */
		54607B6D1760D96400108571 /* Build configuration list for PBXProject "GameX" */ = {
			isa = XCConfigurationList;
			buildConfigurations = (
				54607E181760D96800108571 /* Debug */,
				54607E191760D96800108571 /* Release */,
			);
			defaultConfigurationIsVisible = 0;
			defaultConfigurationName = Release;
		};
		54607E1A1760D96800108571 /* Build configuration list for PBXNativeTarget "GameX" */ = {
			isa = XCConfigurationList;
			buildConfigurations = (
				54607E1B1760D96800108571 /* Debug */,
				54607E1C1760D96800108571 /* Release */,
			);
			defaultConfigurationIsVisible = 0;
			defaultConfigurationName = Release;
		};
/* End XCConfigurationList section */
	};
	rootObject = 54607B6A1760D96400108571 /* Project object */;
}
