// !$*UTF8*$!
{
	archiveVersion = 1;
	classes = {
	};
	objectVersion = 46;
	objects = {

/* Begin PBXGroup section */
		5499CAC317DB6E4B00A8E388 = {
			isa = PBXGroup;
			children = (
			);
			sourceTree = "<group>";
		};
/* End PBXGroup section */

/* Begin PBXProject section */
		5499CAC417DB6E4B00A8E388 /* Project object */ = {
			isa = PBXProject;
			attributes = {
				LastUpgradeCheck = 0460;
			};
			buildConfigurationList = 5499CAC717DB6E4B00A8E388 /* Build configuration list for PBXProject "cocos2dx" */;
			compatibilityVersion = "Xcode 3.2";
			developmentRegion = English;
			hasScannedForEncodings = 0;
			knownRegions = (
				en,
			);
			mainGroup = 5499CAC317DB6E4B00A8E388;
			projectDirPath = "";
			projectRoot = "";
			targets = (
			);
		};
/* End PBXProject section */

/* Begin XCBuildConfiguration section */
		5499CAC817DB6E4B00A8E388 /* Debug */ = {
			isa = XCBuildConfiguration;
			buildSettings = {
			};
			name = Debug;
		};
		5499CAC917DB6E4B00A8E388 /* Release */ = {
			isa = XCBuildConfiguration;
			buildSettings = {
			};
			name = Release;
		};
/* End XCBuildConfiguration section */

/* Begin XCConfigurationList section */
		5499CAC717DB6E4B00A8E388 /* Build configuration list for PBXProject "cocos2dx" */ = {
			isa = XCConfigurationList;
			buildConfigurations = (
				5499CAC817DB6E4B00A8E388 /* Debug */,
				5499CAC917DB6E4B00A8E388 /* Release */,
			);
			defaultConfigurationIsVisible = 0;
			defaultConfigurationName = Release;
		};
/* End XCConfigurationList section */
	};
	rootObject = 5499CAC417DB6E4B00A8E388 /* Project object */;
}
